// !$*UTF8*$!
{
	archiveVersion = 1;
	classes = {
	};
	objectVersion = 56;
	objects = {

/* Begin PBXBuildFile section */
		8F9B19D12A014D4F00C3F94B /* AppDelegate.swift in Sources */ = {isa = PBXBuildFile; fileRef = 8F9B19D02A014D4F00C3F94B /* AppDelegate.swift */; };
		8F9B19D32A014D4F00C3F94B /* SceneDelegate.swift in Sources */ = {isa = PBXBuildFile; fileRef = 8F9B19D22A014D4F00C3F94B /* SceneDelegate.swift */; };
		8F9B19D52A014D4F00C3F94B /* ViewController.swift in Sources */ = {isa = PBXBuildFile; fileRef = 8F9B19D42A014D4F00C3F94B /* ViewController.swift */; };
		8F9B19D82A014D4F00C3F94B /* Main.storyboard in Resources */ = {isa = PBXBuildFile; fileRef = 8F9B19D62A014D4F00C3F94B /* Main.storyboard */; };
		8F9B19DA2A014D5000C3F94B /* Assets.xcassets in Resources */ = {isa = PBXBuildFile; fileRef = 8F9B19D92A014D5000C3F94B /* Assets.xcassets */; };
		8F9B19DD2A014D5000C3F94B /* LaunchScreen.storyboard in Resources */ = {isa = PBXBuildFile; fileRef = 8F9B19DB2A014D5000C3F94B /* LaunchScreen.storyboard */; };
		8F9B19E82A014D5000C3F94B /* ExampleQATests.swift in Sources */ = {isa = PBXBuildFile; fileRef = 8F9B19E72A014D5000C3F94B /* ExampleQATests.swift */; };
		8F9B19F22A014D5000C3F94B /* ExampleQAUITests.swift in Sources */ = {isa = PBXBuildFile; fileRef = 8F9B19F12A014D5000C3F94B /* ExampleQAUITests.swift */; };
		8F9B19F42A014D5000C3F94B /* ExampleQAUITestsLaunchTests.swift in Sources */ = {isa = PBXBuildFile; fileRef = 8F9B19F32A014D5000C3F94B /* ExampleQAUITestsLaunchTests.swift */; };
		8F9B1A012A014D5C00C3F94B /* Hater.swift in Sources */ = {isa = PBXBuildFile; fileRef = 8F9B1A002A014D5C00C3F94B /* Hater.swift */; };
/* End PBXBuildFile section */

/* Begin PBXContainerItemProxy section */
		8F9B19E42A014D5000C3F94B /* PBXContainerItemProxy */ = {
			isa = PBXContainerItemProxy;
			containerPortal = 8F9B19C52A014D4F00C3F94B /* Project object */;
			proxyType = 1;
			remoteGlobalIDString = 8F9B19CC2A014D4F00C3F94B;
			remoteInfo = ExampleQA;
		};
		8F9B19EE2A014D5000C3F94B /* PBXContainerItemProxy */ = {
			isa = PBXContainerItemProxy;
			containerPortal = 8F9B19C52A014D4F00C3F94B /* Project object */;
			proxyType = 1;
			remoteGlobalIDString = 8F9B19CC2A014D4F00C3F94B;
			remoteInfo = ExampleQA;
		};
/* End PBXContainerItemProxy section */

/* Begin PBXFileReference section */
		8F9B19CD2A014D4F00C3F94B /* ExampleQA.app */ = {isa = PBXFileReference; explicitFileType = wrapper.application; includeInIndex = 0; path = ExampleQA.app; sourceTree = BUILT_PRODUCTS_DIR; };
		8F9B19D02A014D4F00C3F94B /* AppDelegate.swift */ = {isa = PBXFileReference; lastKnownFileType = sourcecode.swift; path = AppDelegate.swift; sourceTree = "<group>"; };
		8F9B19D22A014D4F00C3F94B /* SceneDelegate.swift */ = {isa = PBXFileReference; lastKnownFileType = sourcecode.swift; path = SceneDelegate.swift; sourceTree = "<group>"; };
		8F9B19D42A014D4F00C3F94B /* ViewController.swift */ = {isa = PBXFileReference; lastKnownFileType = sourcecode.swift; path = ViewController.swift; sourceTree = "<group>"; };
		8F9B19D72A014D4F00C3F94B /* Base */ = {isa = PBXFileReference; lastKnownFileType = file.storyboard; name = Base; path = Base.lproj/Main.storyboard; sourceTree = "<group>"; };
		8F9B19D92A014D5000C3F94B /* Assets.xcassets */ = {isa = PBXFileReference; lastKnownFileType = folder.assetcatalog; path = Assets.xcassets; sourceTree = "<group>"; };
		8F9B19DC2A014D5000C3F94B /* Base */ = {isa = PBXFileReference; lastKnownFileType = file.storyboard; name = Base; path = Base.lproj/LaunchScreen.storyboard; sourceTree = "<group>"; };
		8F9B19DE2A014D5000C3F94B /* Info.plist */ = {isa = PBXFileReference; lastKnownFileType = text.plist.xml; path = Info.plist; sourceTree = "<group>"; };
		8F9B19E32A014D5000C3F94B /* ExampleQATests.xctest */ = {isa = PBXFileReference; explicitFileType = wrapper.cfbundle; includeInIndex = 0; path = ExampleQATests.xctest; sourceTree = BUILT_PRODUCTS_DIR; };
		8F9B19E72A014D5000C3F94B /* ExampleQATests.swift */ = {isa = PBXFileReference; lastKnownFileType = sourcecode.swift; path = ExampleQATests.swift; sourceTree = "<group>"; };
		8F9B19ED2A014D5000C3F94B /* ExampleQAUITests.xctest */ = {isa = PBXFileReference; explicitFileType = wrapper.cfbundle; includeInIndex = 0; path = ExampleQAUITests.xctest; sourceTree = BUILT_PRODUCTS_DIR; };
		8F9B19F12A014D5000C3F94B /* ExampleQAUITests.swift */ = {isa = PBXFileReference; lastKnownFileType = sourcecode.swift; path = ExampleQAUITests.swift; sourceTree = "<group>"; };
		8F9B19F32A014D5000C3F94B /* ExampleQAUITestsLaunchTests.swift */ = {isa = PBXFileReference; lastKnownFileType = sourcecode.swift; path = ExampleQAUITestsLaunchTests.swift; sourceTree = "<group>"; };
		8F9B1A002A014D5C00C3F94B /* Hater.swift */ = {isa = PBXFileReference; lastKnownFileType = sourcecode.swift; path = Hater.swift; sourceTree = "<group>"; };
/* End PBXFileReference section */

/* Begin PBXFrameworksBuildPhase section */
		8F9B19CA2A014D4F00C3F94B /* Frameworks */ = {
			isa = PBXFrameworksBuildPhase;
			buildActionMask = 2147483647;
			files = (
			);
			runOnlyForDeploymentPostprocessing = 0;
		};
		8F9B19E02A014D5000C3F94B /* Frameworks */ = {
			isa = PBXFrameworksBuildPhase;
			buildActionMask = 2147483647;
			files = (
			);
			runOnlyForDeploymentPostprocessing = 0;
		};
		8F9B19EA2A014D5000C3F94B /* Frameworks */ = {
			isa = PBXFrameworksBuildPhase;
			buildActionMask = 2147483647;
			files = (
			);
			runOnlyForDeploymentPostprocessing = 0;
		};
/* End PBXFrameworksBuildPhase section */

/* Begin PBXGroup section */
		8F9B19C42A014D4F00C3F94B = {
			isa = PBXGroup;
			children = (
				8F9B19CF2A014D4F00C3F94B /* ExampleQA */,
				8F9B19E62A014D5000C3F94B /* ExampleQATests */,
				8F9B19F02A014D5000C3F94B /* ExampleQAUITests */,
				8F9B19CE2A014D4F00C3F94B /* Products */,
			);
			sourceTree = "<group>";
		};
		8F9B19CE2A014D4F00C3F94B /* Products */ = {
			isa = PBXGroup;
			children = (
				8F9B19CD2A014D4F00C3F94B /* ExampleQA.app */,
				8F9B19E32A014D5000C3F94B /* ExampleQATests.xctest */,
				8F9B19ED2A014D5000C3F94B /* ExampleQAUITests.xctest */,
			);
			name = Products;
			sourceTree = "<group>";
		};
		8F9B19CF2A014D4F00C3F94B /* ExampleQA */ = {
			isa = PBXGroup;
			children = (
				8F9B19D02A014D4F00C3F94B /* AppDelegate.swift */,
				8F9B19D22A014D4F00C3F94B /* SceneDelegate.swift */,
				8F9B19D42A014D4F00C3F94B /* ViewController.swift */,
				8F9B19D62A014D4F00C3F94B /* Main.storyboard */,
				8F9B19D92A014D5000C3F94B /* Assets.xcassets */,
				8F9B19DB2A014D5000C3F94B /* LaunchScreen.storyboard */,
				8F9B19DE2A014D5000C3F94B /* Info.plist */,
				8F9B1A002A014D5C00C3F94B /* Hater.swift */,
			);
			path = ExampleQA;
			sourceTree = "<group>";
		};
		8F9B19E62A014D5000C3F94B /* ExampleQATests */ = {
			isa = PBXGroup;
			children = (
				8F9B19E72A014D5000C3F94B /* ExampleQATests.swift */,
			);
			path = ExampleQATests;
			sourceTree = "<group>";
		};
		8F9B19F02A014D5000C3F94B /* ExampleQAUITests */ = {
			isa = PBXGroup;
			children = (
				8F9B19F12A014D5000C3F94B /* ExampleQAUITests.swift */,
				8F9B19F32A014D5000C3F94B /* ExampleQAUITestsLaunchTests.swift */,
			);
			path = ExampleQAUITests;
			sourceTree = "<group>";
		};
/* End PBXGroup section */

/* Begin PBXNativeTarget section */
		8F9B19CC2A014D4F00C3F94B /* ExampleQA */ = {
			isa = PBXNativeTarget;
			buildConfigurationList = 8F9B19F72A014D5000C3F94B /* Build configuration list for PBXNativeTarget "ExampleQA" */;
			buildPhases = (
				8F9B19C92A014D4F00C3F94B /* Sources */,
				8F9B19CA2A014D4F00C3F94B /* Frameworks */,
				8F9B19CB2A014D4F00C3F94B /* Resources */,
			);
			buildRules = (
			);
			dependencies = (
			);
			name = ExampleQA;
			productName = ExampleQA;
			productReference = 8F9B19CD2A014D4F00C3F94B /* ExampleQA.app */;
			productType = "com.apple.product-type.application";
		};
		8F9B19E22A014D5000C3F94B /* ExampleQATests */ = {
			isa = PBXNativeTarget;
			buildConfigurationList = 8F9B19FA2A014D5000C3F94B /* Build configuration list for PBXNativeTarget "ExampleQATests" */;
			buildPhases = (
				8F9B19DF2A014D5000C3F94B /* Sources */,
				8F9B19E02A014D5000C3F94B /* Frameworks */,
				8F9B19E12A014D5000C3F94B /* Resources */,
			);
			buildRules = (
			);
			dependencies = (
				8F9B19E52A014D5000C3F94B /* PBXTargetDependency */,
			);
			name = ExampleQATests;
			productName = ExampleQATests;
			productReference = 8F9B19E32A014D5000C3F94B /* ExampleQATests.xctest */;
			productType = "com.apple.product-type.bundle.unit-test";
		};
		8F9B19EC2A014D5000C3F94B /* ExampleQAUITests */ = {
			isa = PBXNativeTarget;
			buildConfigurationList = 8F9B19FD2A014D5000C3F94B /* Build configuration list for PBXNativeTarget "ExampleQAUITests" */;
			buildPhases = (
				8F9B19E92A014D5000C3F94B /* Sources */,
				8F9B19EA2A014D5000C3F94B /* Frameworks */,
				8F9B19EB2A014D5000C3F94B /* Resources */,
			);
			buildRules = (
			);
			dependencies = (
				8F9B19EF2A014D5000C3F94B /* PBXTargetDependency */,
			);
			name = ExampleQAUITests;
			productName = ExampleQAUITests;
			productReference = 8F9B19ED2A014D5000C3F94B /* ExampleQAUITests.xctest */;
			productType = "com.apple.product-type.bundle.ui-testing";
		};
/* End PBXNativeTarget section */

/* Begin PBXProject section */
		8F9B19C52A014D4F00C3F94B /* Project object */ = {
			isa = PBXProject;
			attributes = {
				BuildIndependentTargetsInParallel = 1;
				LastSwiftUpdateCheck = 1430;
				LastUpgradeCheck = 1430;
				TargetAttributes = {
					8F9B19CC2A014D4F00C3F94B = {
						CreatedOnToolsVersion = 14.3;
					};
					8F9B19E22A014D5000C3F94B = {
						CreatedOnToolsVersion = 14.3;
						TestTargetID = 8F9B19CC2A014D4F00C3F94B;
					};
					8F9B19EC2A014D5000C3F94B = {
						CreatedOnToolsVersion = 14.3;
						TestTargetID = 8F9B19CC2A014D4F00C3F94B;
					};
				};
			};
			buildConfigurationList = 8F9B19C82A014D4F00C3F94B /* Build configuration list for PBXProject "ExampleQA" */;
			compatibilityVersion = "Xcode 14.0";
			developmentRegion = en;
			hasScannedForEncodings = 0;
			knownRegions = (
				en,
				Base,
			);
			mainGroup = 8F9B19C42A014D4F00C3F94B;
			productRefGroup = 8F9B19CE2A014D4F00C3F94B /* Products */;
			projectDirPath = "";
			projectRoot = "";
			targets = (
				8F9B19CC2A014D4F00C3F94B /* ExampleQA */,
				8F9B19E22A014D5000C3F94B /* ExampleQATests */,
				8F9B19EC2A014D5000C3F94B /* ExampleQAUITests */,
			);
		};
/* End PBXProject section */

/* Begin PBXResourcesBuildPhase section */
		8F9B19CB2A014D4F00C3F94B /* Resources */ = {
			isa = PBXResourcesBuildPhase;
			buildActionMask = 2147483647;
			files = (
				8F9B19DD2A014D5000C3F94B /* LaunchScreen.storyboard in Resources */,
				8F9B19DA2A014D5000C3F94B /* Assets.xcassets in Resources */,
				8F9B19D82A014D4F00C3F94B /* Main.storyboard in Resources */,
			);
			runOnlyForDeploymentPostprocessing = 0;
		};
		8F9B19E12A014D5000C3F94B /* Resources */ = {
			isa = PBXResourcesBuildPhase;
			buildActionMask = 2147483647;
			files = (
			);
			runOnlyForDeploymentPostprocessing = 0;
		};
		8F9B19EB2A014D5000C3F94B /* Resources */ = {
			isa = PBXResourcesBuildPhase;
			buildActionMask = 2147483647;
			files = (
			);
			runOnlyForDeploymentPostprocessing = 0;
		};
/* End PBXResourcesBuildPhase section */

/* Begin PBXSourcesBuildPhase section */
		8F9B19C92A014D4F00C3F94B /* Sources */ = {
			isa = PBXSourcesBuildPhase;
			buildActionMask = 2147483647;
			files = (
				8F9B19D52A014D4F00C3F94B /* ViewController.swift in Sources */,
				8F9B19D12A014D4F00C3F94B /* AppDelegate.swift in Sources */,
				8F9B1A012A014D5C00C3F94B /* Hater.swift in Sources */,
				8F9B19D32A014D4F00C3F94B /* SceneDelegate.swift in Sources */,
			);
			runOnlyForDeploymentPostprocessing = 0;
		};
		8F9B19DF2A014D5000C3F94B /* Sources */ = {
			isa = PBXSourcesBuildPhase;
			buildActionMask = 2147483647;
			files = (
				8F9B19E82A014D5000C3F94B /* ExampleQATests.swift in Sources */,
			);
			runOnlyForDeploymentPostprocessing = 0;
		};
		8F9B19E92A014D5000C3F94B /* Sources */ = {
			isa = PBXSourcesBuildPhase;
			buildActionMask = 2147483647;
			files = (
				8F9B19F22A014D5000C3F94B /* ExampleQAUITests.swift in Sources */,
				8F9B19F42A014D5000C3F94B /* ExampleQAUITestsLaunchTests.swift in Sources */,
			);
			runOnlyForDeploymentPostprocessing = 0;
		};
/* End PBXSourcesBuildPhase section */

/* Begin PBXTargetDependency section */
		8F9B19E52A014D5000C3F94B /* PBXTargetDependency */ = {
			isa = PBXTargetDependency;
			target = 8F9B19CC2A014D4F00C3F94B /* ExampleQA */;
			targetProxy = 8F9B19E42A014D5000C3F94B /* PBXContainerItemProxy */;
		};
		8F9B19EF2A014D5000C3F94B /* PBXTargetDependency */ = {
			isa = PBXTargetDependency;
			target = 8F9B19CC2A014D4F00C3F94B /* ExampleQA */;
			targetProxy = 8F9B19EE2A014D5000C3F94B /* PBXContainerItemProxy */;
		};
/* End PBXTargetDependency section */

/* Begin PBXVariantGroup section */
		8F9B19D62A014D4F00C3F94B /* Main.storyboard */ = {
			isa = PBXVariantGroup;
			children = (
				8F9B19D72A014D4F00C3F94B /* Base */,
			);
			name = Main.storyboard;
			sourceTree = "<group>";
		};
		8F9B19DB2A014D5000C3F94B /* LaunchScreen.storyboard */ = {
			isa = PBXVariantGroup;
			children = (
				8F9B19DC2A014D5000C3F94B /* Base */,
			);
			name = LaunchScreen.storyboard;
			sourceTree = "<group>";
		};
/* End PBXVariantGroup section */

/* Begin XCBuildConfiguration section */
		8F9B19F52A014D5000C3F94B /* Debug */ = {
			isa = XCBuildConfiguration;
			buildSettings = {
				ALWAYS_SEARCH_USER_PATHS = NO;
				CLANG_ANALYZER_NONNULL = YES;
				CLANG_ANALYZER_NUMBER_OBJECT_CONVERSION = YES_AGGRESSIVE;
				CLANG_CXX_LANGUAGE_STANDARD = "gnu++20";
				CLANG_ENABLE_MODULES = YES;
				CLANG_ENABLE_OBJC_ARC = YES;
				CLANG_ENABLE_OBJC_WEAK = YES;
				CLANG_WARN_BLOCK_CAPTURE_AUTORELEASING = YES;
				CLANG_WARN_BOOL_CONVERSION = YES;
				CLANG_WARN_COMMA = YES;
				CLANG_WARN_CONSTANT_CONVERSION = YES;
				CLANG_WARN_DEPRECATED_OBJC_IMPLEMENTATIONS = YES;
				CLANG_WARN_DIRECT_OBJC_ISA_USAGE = YES_ERROR;
				CLANG_WARN_DOCUMENTATION_COMMENTS = YES;
				CLANG_WARN_EMPTY_BODY = YES;
				CLANG_WARN_ENUM_CONVERSION = YES;
				CLANG_WARN_INFINITE_RECURSION = YES;
				CLANG_WARN_INT_CONVERSION = YES;
				CLANG_WARN_NON_LITERAL_NULL_CONVERSION = YES;
				CLANG_WARN_OBJC_IMPLICIT_RETAIN_SELF = YES;
				CLANG_WARN_OBJC_LITERAL_CONVERSION = YES;
				CLANG_WARN_OBJC_ROOT_CLASS = YES_ERROR;
				CLANG_WARN_QUOTED_INCLUDE_IN_FRAMEWORK_HEADER = YES;
				CLANG_WARN_RANGE_LOOP_ANALYSIS = YES;
				CLANG_WARN_STRICT_PROTOTYPES = YES;
				CLANG_WARN_SUSPICIOUS_MOVE = YES;
				CLANG_WARN_UNGUARDED_AVAILABILITY = YES_AGGRESSIVE;
				CLANG_WARN_UNREACHABLE_CODE = YES;
				CLANG_WARN__DUPLICATE_METHOD_MATCH = YES;
				COPY_PHASE_STRIP = NO;
				DEBUG_INFORMATION_FORMAT = dwarf;
				ENABLE_STRICT_OBJC_MSGSEND = YES;
				ENABLE_TESTABILITY = YES;
				GCC_C_LANGUAGE_STANDARD = gnu11;
				GCC_DYNAMIC_NO_PIC = NO;
				GCC_NO_COMMON_BLOCKS = YES;
				GCC_OPTIMIZATION_LEVEL = 0;
				GCC_PREPROCESSOR_DEFINITIONS = (
					"DEBUG=1",
					"$(inherited)",
				);
				GCC_WARN_64_TO_32_BIT_CONVERSION = YES;
				GCC_WARN_ABOUT_RETURN_TYPE = YES_ERROR;
				GCC_WARN_UNDECLARED_SELECTOR = YES;
				GCC_WARN_UNINITIALIZED_AUTOS = YES_AGGRESSIVE;
				GCC_WARN_UNUSED_FUNCTION = YES;
				GCC_WARN_UNUSED_VARIABLE = YES;
				IPHONEOS_DEPLOYMENT_TARGET = 16.4;
				MTL_ENABLE_DEBUG_INFO = INCLUDE_SOURCE;
				MTL_FAST_MATH = YES;
				ONLY_ACTIVE_ARCH = YES;
				SDKROOT = iphoneos;
				SWIFT_ACTIVE_COMPILATION_CONDITIONS = DEBUG;
				SWIFT_OPTIMIZATION_LEVEL = "-Onone";
			};
			name = Debug;
		};
		8F9B19F62A014D5000C3F94B /* Release */ = {
			isa = XCBuildConfiguration;
			buildSettings = {
				ALWAYS_SEARCH_USER_PATHS = NO;
				CLANG_ANALYZER_NONNULL = YES;
				CLANG_ANALYZER_NUMBER_OBJECT_CONVERSION = YES_AGGRESSIVE;
				CLANG_CXX_LANGUAGE_STANDARD = "gnu++20";
				CLANG_ENABLE_MODULES = YES;
				CLANG_ENABLE_OBJC_ARC = YES;
				CLANG_ENABLE_OBJC_WEAK = YES;
				CLANG_WARN_BLOCK_CAPTURE_AUTORELEASING = YES;
				CLANG_WARN_BOOL_CONVERSION = YES;
				CLANG_WARN_COMMA = YES;
				CLANG_WARN_CONSTANT_CONVERSION = YES;
				CLANG_WARN_DEPRECATED_OBJC_IMPLEMENTATIONS = YES;
				CLANG_WARN_DIRECT_OBJC_ISA_USAGE = YES_ERROR;
				CLANG_WARN_DOCUMENTATION_COMMENTS = YES;
				CLANG_WARN_EMPTY_BODY = YES;
				CLANG_WARN_ENUM_CONVERSION = YES;
				CLANG_WARN_INFINITE_RECURSION = YES;
				CLANG_WARN_INT_CONVERSION = YES;
				CLANG_WARN_NON_LITERAL_NULL_CONVERSION = YES;
				CLANG_WARN_OBJC_IMPLICIT_RETAIN_SELF = YES;
				CLANG_WARN_OBJC_LITERAL_CONVERSION = YES;
				CLANG_WARN_OBJC_ROOT_CLASS = YES_ERROR;
				CLANG_WARN_QUOTED_INCLUDE_IN_FRAMEWORK_HEADER = YES;
				CLANG_WARN_RANGE_LOOP_ANALYSIS = YES;
				CLANG_WARN_STRICT_PROTOTYPES = YES;
				CLANG_WARN_SUSPICIOUS_MOVE = YES;
				CLANG_WARN_UNGUARDED_AVAILABILITY = YES_AGGRESSIVE;
				CLANG_WARN_UNREACHABLE_CODE = YES;
				CLANG_WARN__DUPLICATE_METHOD_MATCH = YES;
				COPY_PHASE_STRIP = NO;
				DEBUG_INFORMATION_FORMAT = "dwarf-with-dsym";
				ENABLE_NS_ASSERTIONS = NO;
				ENABLE_STRICT_OBJC_MSGSEND = YES;
				GCC_C_LANGUAGE_STANDARD = gnu11;
				GCC_NO_COMMON_BLOCKS = YES;
				GCC_WARN_64_TO_32_BIT_CONVERSION = YES;
				GCC_WARN_ABOUT_RETURN_TYPE = YES_ERROR;
				GCC_WARN_UNDECLARED_SELECTOR = YES;
				GCC_WARN_UNINITIALIZED_AUTOS = YES_AGGRESSIVE;
				GCC_WARN_UNUSED_FUNCTION = YES;
				GCC_WARN_UNUSED_VARIABLE = YES;
				IPHONEOS_DEPLOYMENT_TARGET = 16.4;
				MTL_ENABLE_DEBUG_INFO = NO;
				MTL_FAST_MATH = YES;
				SDKROOT = iphoneos;
				SWIFT_COMPILATION_MODE = wholemodule;
				SWIFT_OPTIMIZATION_LEVEL = "-O";
				VALIDATE_PRODUCT = YES;
			};
			name = Release;
		};
		8F9B19F82A014D5000C3F94B /* Debug */ = {
			isa = XCBuildConfiguration;
			buildSettings = {
				ASSETCATALOG_COMPILER_APPICON_NAME = AppIcon;
				ASSETCATALOG_COMPILER_GLOBAL_ACCENT_COLOR_NAME = AccentColor;
				CODE_SIGN_STYLE = Automatic;
				CURRENT_PROJECT_VERSION = 1;
				DEVELOPMENT_TEAM = Y57FY52VL4;
				GENERATE_INFOPLIST_FILE = YES;
				INFOPLIST_FILE = ExampleQA/Info.plist;
				INFOPLIST_KEY_UIApplicationSupportsIndirectInputEvents = YES;
				INFOPLIST_KEY_UILaunchStoryboardName = LaunchScreen;
				INFOPLIST_KEY_UIMainStoryboardFile = Main;
				INFOPLIST_KEY_UISupportedInterfaceOrientations_iPad = "UIInterfaceOrientationPortrait UIInterfaceOrientationPortraitUpsideDown UIInterfaceOrientationLandscapeLeft UIInterfaceOrientationLandscapeRight";
				INFOPLIST_KEY_UISupportedInterfaceOrientations_iPhone = "UIInterfaceOrientationPortrait UIInterfaceOrientationLandscapeLeft UIInterfaceOrientationLandscapeRight";
				LD_RUNPATH_SEARCH_PATHS = (
					"$(inherited)",
					"@executable_path/Frameworks",
				);
				MARKETING_VERSION = 1.0;
				PRODUCT_BUNDLE_IDENTIFIER = com.khosravinia.ExampleQA;
				PRODUCT_NAME = "$(TARGET_NAME)";
				SWIFT_EMIT_LOC_STRINGS = YES;
				SWIFT_VERSION = 5.0;
				TARGETED_DEVICE_FAMILY = "1,2";
			};
			name = Debug;
		};
		8F9B19F92A014D5000C3F94B /* Release */ = {
			isa = XCBuildConfiguration;
			buildSettings = {
				ASSETCATALOG_COMPILER_APPICON_NAME = AppIcon;
				ASSETCATALOG_COMPILER_GLOBAL_ACCENT_COLOR_NAME = AccentColor;
				CODE_SIGN_STYLE = Automatic;
				CURRENT_PROJECT_VERSION = 1;
				DEVELOPMENT_TEAM = Y57FY52VL4;
				GENERATE_INFOPLIST_FILE = YES;
				INFOPLIST_FILE = ExampleQA/Info.plist;
				INFOPLIST_KEY_UIApplicationSupportsIndirectInputEvents = YES;
				INFOPLIST_KEY_UILaunchStoryboardName = LaunchScreen;
				INFOPLIST_KEY_UIMainStoryboardFile = Main;
				INFOPLIST_KEY_UISupportedInterfaceOrientations_iPad = "UIInterfaceOrientationPortrait UIInterfaceOrientationPortraitUpsideDown UIInterfaceOrientationLandscapeLeft UIInterfaceOrientationLandscapeRight";
				INFOPLIST_KEY_UISupportedInterfaceOrientations_iPhone = "UIInterfaceOrientationPortrait UIInterfaceOrientationLandscapeLeft UIInterfaceOrientationLandscapeRight";
				LD_RUNPATH_SEARCH_PATHS = (
					"$(inherited)",
					"@executable_path/Frameworks",
				);
				MARKETING_VERSION = 1.0;
				PRODUCT_BUNDLE_IDENTIFIER = com.khosravinia.ExampleQA;
				PRODUCT_NAME = "$(TARGET_NAME)";
				SWIFT_EMIT_LOC_STRINGS = YES;
				SWIFT_VERSION = 5.0;
				TARGETED_DEVICE_FAMILY = "1,2";
			};
			name = Release;
		};
		8F9B19FB2A014D5000C3F94B /* Debug */ = {
			isa = XCBuildConfiguration;
			buildSettings = {
				ALWAYS_EMBED_SWIFT_STANDARD_LIBRARIES = YES;
				BUNDLE_LOADER = "$(TEST_HOST)";
				CODE_SIGN_STYLE = Automatic;
				CURRENT_PROJECT_VERSION = 1;
				DEVELOPMENT_TEAM = Y57FY52VL4;
				GENERATE_INFOPLIST_FILE = YES;
				IPHONEOS_DEPLOYMENT_TARGET = 16.4;
				MARKETING_VERSION = 1.0;
				PRODUCT_BUNDLE_IDENTIFIER = com.khosravinia.ExampleQATests;
				PRODUCT_NAME = "$(TARGET_NAME)";
				SWIFT_EMIT_LOC_STRINGS = NO;
				SWIFT_VERSION = 5.0;
				TARGETED_DEVICE_FAMILY = "1,2";
				TEST_HOST = "$(BUILT_PRODUCTS_DIR)/ExampleQA.app/$(BUNDLE_EXECUTABLE_FOLDER_PATH)/ExampleQA";
			};
			name = Debug;
		};
		8F9B19FC2A014D5000C3F94B /* Release */ = {
			isa = XCBuildConfiguration;
			buildSettings = {
				ALWAYS_EMBED_SWIFT_STANDARD_LIBRARIES = YES;
				BUNDLE_LOADER = "$(TEST_HOST)";
				CODE_SIGN_STYLE = Automatic;
				CURRENT_PROJECT_VERSION = 1;
				DEVELOPMENT_TEAM = Y57FY52VL4;
				GENERATE_INFOPLIST_FILE = YES;
				IPHONEOS_DEPLOYMENT_TARGET = 16.4;
				MARKETING_VERSION = 1.0;
				PRODUCT_BUNDLE_IDENTIFIER = com.khosravinia.ExampleQATests;
				PRODUCT_NAME = "$(TARGET_NAME)";
				SWIFT_EMIT_LOC_STRINGS = NO;
				SWIFT_VERSION = 5.0;
				TARGETED_DEVICE_FAMILY = "1,2";
				TEST_HOST = "$(BUILT_PRODUCTS_DIR)/ExampleQA.app/$(BUNDLE_EXECUTABLE_FOLDER_PATH)/ExampleQA";
			};
			name = Release;
		};
		8F9B19FE2A014D5000C3F94B /* Debug */ = {
			isa = XCBuildConfiguration;
			buildSettings = {
				ALWAYS_EMBED_SWIFT_STANDARD_LIBRARIES = YES;
				CODE_SIGN_STYLE = Automatic;
				CURRENT_PROJECT_VERSION = 1;
				DEVELOPMENT_TEAM = Y57FY52VL4;
				GENERATE_INFOPLIST_FILE = YES;
				MARKETING_VERSION = 1.0;
				PRODUCT_BUNDLE_IDENTIFIER = com.khosravinia.ExampleQAUITests;
				PRODUCT_NAME = "$(TARGET_NAME)";
				SWIFT_EMIT_LOC_STRINGS = NO;
				SWIFT_VERSION = 5.0;
				TARGETED_DEVICE_FAMILY = "1,2";
				TEST_TARGET_NAME = ExampleQA;
			};
			name = Debug;
		};
		8F9B19FF2A014D5000C3F94B /* Release */ = {
			isa = XCBuildConfiguration;
			buildSettings = {
				ALWAYS_EMBED_SWIFT_STANDARD_LIBRARIES = YES;
				CODE_SIGN_STYLE = Automatic;
				CURRENT_PROJECT_VERSION = 1;
				DEVELOPMENT_TEAM = Y57FY52VL4;
				GENERATE_INFOPLIST_FILE = YES;
				MARKETING_VERSION = 1.0;
				PRODUCT_BUNDLE_IDENTIFIER = com.khosravinia.ExampleQAUITests;
				PRODUCT_NAME = "$(TARGET_NAME)";
				SWIFT_EMIT_LOC_STRINGS = NO;
				SWIFT_VERSION = 5.0;
				TARGETED_DEVICE_FAMILY = "1,2";
				TEST_TARGET_NAME = ExampleQA;
			};
			name = Release;
		};
/* End XCBuildConfiguration section */

/* Begin XCConfigurationList section */
		8F9B19C82A014D4F00C3F94B /* Build configuration list for PBXProject "ExampleQA" */ = {
			isa = XCConfigurationList;
			buildConfigurations = (
				8F9B19F52A014D5000C3F94B /* Debug */,
				8F9B19F62A014D5000C3F94B /* Release */,
			);
			defaultConfigurationIsVisible = 0;
			defaultConfigurationName = Release;
		};
		8F9B19F72A014D5000C3F94B /* Build configuration list for PBXNativeTarget "ExampleQA" */ = {
			isa = XCConfigurationList;
			buildConfigurations = (
				8F9B19F82A014D5000C3F94B /* Debug */,
				8F9B19F92A014D5000C3F94B /* Release */,
			);
			defaultConfigurationIsVisible = 0;
			defaultConfigurationName = Release;
		};
		8F9B19FA2A014D5000C3F94B /* Build configuration list for PBXNativeTarget "ExampleQATests" */ = {
			isa = XCConfigurationList;
			buildConfigurations = (
				8F9B19FB2A014D5000C3F94B /* Debug */,
				8F9B19FC2A014D5000C3F94B /* Release */,
			);
			defaultConfigurationIsVisible = 0;
			defaultConfigurationName = Release;
		};
		8F9B19FD2A014D5000C3F94B /* Build configuration list for PBXNativeTarget "ExampleQAUITests" */ = {
			isa = XCConfigurationList;
			buildConfigurations = (
				8F9B19FE2A014D5000C3F94B /* Debug */,
				8F9B19FF2A014D5000C3F94B /* Release */,
			);
			defaultConfigurationIsVisible = 0;
			defaultConfigurationName = Release;
		};
/* End XCConfigurationList section */
	};
	rootObject = 8F9B19C52A014D4F00C3F94B /* Project object */;
}
