// !$*UTF8*$!
{
	archiveVersion = 1;
	classes = {
	};
	objectVersion = 55;
	objects = {

/* Begin PBXBuildFile section */
		0F7FD5A521F8E5F76ECD35EF /* Pods_CurrencyExchangerTests.framework in Frameworks */ = {isa = PBXBuildFile; fileRef = 68AA9DBF7E041625A635F957 /* Pods_CurrencyExchangerTests.framework */; };
		733AC47C9AFFF3717430CC4A /* Pods_CurrencyExchanger.framework in Frameworks */ = {isa = PBXBuildFile; fileRef = 806244213013C5ADA5275A91 /* Pods_CurrencyExchanger.framework */; };
		8F205D492808F4BC00EF3229 /* UIView+AutoLayout.swift in Sources */ = {isa = PBXBuildFile; fileRef = 8F205D482808F4BC00EF3229 /* UIView+AutoLayout.swift */; };
		8F205D4B2809905A00EF3229 /* UIView+CornerRadius.swift in Sources */ = {isa = PBXBuildFile; fileRef = 8F205D4A2809905A00EF3229 /* UIView+CornerRadius.swift */; };
		8F2C9A0B280B3085002F4C16 /* BalanceInteractorTests.swift in Sources */ = {isa = PBXBuildFile; fileRef = 8F2C9A0A280B3085002F4C16 /* BalanceInteractorTests.swift */; };
		8F2C9A10280B3355002F4C16 /* MockLocalRepository.swift in Sources */ = {isa = PBXBuildFile; fileRef = 8F2C9A0F280B3355002F4C16 /* MockLocalRepository.swift */; };
		8F2C9A12280B3395002F4C16 /* ExchangeInteractorTests.swift in Sources */ = {isa = PBXBuildFile; fileRef = 8F2C9A11280B3395002F4C16 /* ExchangeInteractorTests.swift */; };
		8F634B312809A0B3006071BD /* ExchangeWebRepository.swift in Sources */ = {isa = PBXBuildFile; fileRef = 8F920B7F2808C2FA00C13FA5 /* ExchangeWebRepository.swift */; };
		8F634B322809A0BF006071BD /* ServiceProtocol.swift in Sources */ = {isa = PBXBuildFile; fileRef = 8F920B782808C29D00C13FA5 /* ServiceProtocol.swift */; };
		8F634B332809A0C7006071BD /* NetworkController.swift in Sources */ = {isa = PBXBuildFile; fileRef = 8F920B762808C29000C13FA5 /* NetworkController.swift */; };
		8F634B342809A0D0006071BD /* NetworkControllerProtocol.swift in Sources */ = {isa = PBXBuildFile; fileRef = 8F920B772808C29600C13FA5 /* NetworkControllerProtocol.swift */; };
		8F634B352809A118006071BD /* LocalRepository.swift in Sources */ = {isa = PBXBuildFile; fileRef = 8F920B7D2808C2EA00C13FA5 /* LocalRepository.swift */; };
		8F634B372809A216006071BD /* Data+PrettyPrint.swift in Sources */ = {isa = PBXBuildFile; fileRef = 8F634B362809A216006071BD /* Data+PrettyPrint.swift */; };
		8F634B392809A458006071BD /* UICollectionView+RegisterCell.swift in Sources */ = {isa = PBXBuildFile; fileRef = 8F634B382809A458006071BD /* UICollectionView+RegisterCell.swift */; };
		8F634B3B2809A48C006071BD /* UICollectionView+DequeueCell.swift in Sources */ = {isa = PBXBuildFile; fileRef = 8F634B3A2809A48C006071BD /* UICollectionView+DequeueCell.swift */; };
		8F634B3F2809A517006071BD /* CurrencyCollectionViewCell.swift in Sources */ = {isa = PBXBuildFile; fileRef = 8F634B3D2809A517006071BD /* CurrencyCollectionViewCell.swift */; };
		8F634B402809A517006071BD /* CurrencyCollectionViewCell.xib in Resources */ = {isa = PBXBuildFile; fileRef = 8F634B3E2809A517006071BD /* CurrencyCollectionViewCell.xib */; };
		8F634B422809FB7C006071BD /* String+Size.swift in Sources */ = {isa = PBXBuildFile; fileRef = 8F634B412809FB7C006071BD /* String+Size.swift */; };
		8F634B442809FDA9006071BD /* BalanceInteractor.swift in Sources */ = {isa = PBXBuildFile; fileRef = 8F634B432809FDA9006071BD /* BalanceInteractor.swift */; };
		8F634B472809FDDF006071BD /* MyBalancesViewModel.swift in Sources */ = {isa = PBXBuildFile; fileRef = 8F634B462809FDDF006071BD /* MyBalancesViewModel.swift */; };
		8F634B48280A01CC006071BD /* API.swift in Sources */ = {isa = PBXBuildFile; fileRef = 8F920B7B2808C2B700C13FA5 /* API.swift */; };
		8F634B49280A01E9006071BD /* Endpoints.swift in Sources */ = {isa = PBXBuildFile; fileRef = 8F920B7A2808C2B100C13FA5 /* Endpoints.swift */; };
		8F634B4A280A0201006071BD /* Configuration.plist in Resources */ = {isa = PBXBuildFile; fileRef = 8F920B7C2808C2D400C13FA5 /* Configuration.plist */; };
		8F634B4C280A0266006071BD /* URLConfiguration.swift in Sources */ = {isa = PBXBuildFile; fileRef = 8F634B4B280A0266006071BD /* URLConfiguration.swift */; };
		8F634B4E280A0309006071BD /* ExchangeModel.swift in Sources */ = {isa = PBXBuildFile; fileRef = 8F634B4D280A0309006071BD /* ExchangeModel.swift */; };
		8F634B50280A0AB4006071BD /* ExchangeError.swift in Sources */ = {isa = PBXBuildFile; fileRef = 8F634B4F280A0AB4006071BD /* ExchangeError.swift */; };
		8F634B52280A0D39006071BD /* ExchangeInteractor.swift in Sources */ = {isa = PBXBuildFile; fileRef = 8F634B51280A0D39006071BD /* ExchangeInteractor.swift */; };
		8F634B54280A113C006071BD /* CurrencyExchangeViewModel.swift in Sources */ = {isa = PBXBuildFile; fileRef = 8F634B53280A113C006071BD /* CurrencyExchangeViewModel.swift */; };
		8F634B56280A2071006071BD /* CommissionCalculator.swift in Sources */ = {isa = PBXBuildFile; fileRef = 8F634B55280A2071006071BD /* CommissionCalculator.swift */; };
		8F634B58280A36ED006071BD /* String+ToDouble.swift in Sources */ = {isa = PBXBuildFile; fileRef = 8F634B57280A36ED006071BD /* String+ToDouble.swift */; };
		8F634B5A280A4122006071BD /* UITextField+TextPublisher.swift in Sources */ = {isa = PBXBuildFile; fileRef = 8F634B59280A4122006071BD /* UITextField+TextPublisher.swift */; };
		8F634B5C280AF2A7006071BD /* Float+ShortValue.swift in Sources */ = {isa = PBXBuildFile; fileRef = 8F634B5B280AF2A7006071BD /* Float+ShortValue.swift */; };
		8F634B5F280AF409006071BD /* CustomNavigationController.swift in Sources */ = {isa = PBXBuildFile; fileRef = 8F634B5E280AF409006071BD /* CustomNavigationController.swift */; };
		8F634B61280AFFD8006071BD /* DependencyInjector.swift in Sources */ = {isa = PBXBuildFile; fileRef = 8F634B60280AFFD8006071BD /* DependencyInjector.swift */; };
		8F634B63280B02AA006071BD /* CommissionCalculatorTests.swift in Sources */ = {isa = PBXBuildFile; fileRef = 8F634B62280B02AA006071BD /* CommissionCalculatorTests.swift */; };
		8F920B32280857E800C13FA5 /* AppDelegate.swift in Sources */ = {isa = PBXBuildFile; fileRef = 8F920B31280857E800C13FA5 /* AppDelegate.swift */; };
		8F920B34280857E800C13FA5 /* SceneDelegate.swift in Sources */ = {isa = PBXBuildFile; fileRef = 8F920B33280857E800C13FA5 /* SceneDelegate.swift */; };
		8F920B39280857E800C13FA5 /* Main.storyboard in Resources */ = {isa = PBXBuildFile; fileRef = 8F920B37280857E800C13FA5 /* Main.storyboard */; };
		8F920B3B280857EB00C13FA5 /* Assets.xcassets in Resources */ = {isa = PBXBuildFile; fileRef = 8F920B3A280857EB00C13FA5 /* Assets.xcassets */; };
		8F920B3E280857EB00C13FA5 /* LaunchScreen.storyboard in Resources */ = {isa = PBXBuildFile; fileRef = 8F920B3C280857EB00C13FA5 /* LaunchScreen.storyboard */; };
		8F920B53280857EB00C13FA5 /* CurrencyExchangerUITests.swift in Sources */ = {isa = PBXBuildFile; fileRef = 8F920B52280857EB00C13FA5 /* CurrencyExchangerUITests.swift */; };
		8F920B55280857EB00C13FA5 /* CurrencyExchangerUITestsLaunchTests.swift in Sources */ = {isa = PBXBuildFile; fileRef = 8F920B54280857EB00C13FA5 /* CurrencyExchangerUITestsLaunchTests.swift */; };
		8F920B642808BBFD00C13FA5 /* MainViewController.swift in Sources */ = {isa = PBXBuildFile; fileRef = 8F920B632808BBFD00C13FA5 /* MainViewController.swift */; };
		8F920B722808C06100C13FA5 /* DepositModel.swift in Sources */ = {isa = PBXBuildFile; fileRef = 8F920B712808C06100C13FA5 /* DepositModel.swift */; };
		8F920B752808C0CF00C13FA5 /* CurrencyType.swift in Sources */ = {isa = PBXBuildFile; fileRef = 8F920B742808C0CF00C13FA5 /* CurrencyType.swift */; };
		8F920B812808C46C00C13FA5 /* AccountModel.swift in Sources */ = {isa = PBXBuildFile; fileRef = 8F920B802808C46C00C13FA5 /* AccountModel.swift */; };
		8F920BAD2808E73900C13FA5 /* MyBalancesViewController.swift in Sources */ = {isa = PBXBuildFile; fileRef = 8F920BAC2808E73900C13FA5 /* MyBalancesViewController.swift */; };
		8F920BAF2808EAFD00C13FA5 /* Storyboards.swift in Sources */ = {isa = PBXBuildFile; fileRef = 8F920BAE2808EAFD00C13FA5 /* Storyboards.swift */; };
		8F920BB12808EB9400C13FA5 /* UIViewController+Child.swift in Sources */ = {isa = PBXBuildFile; fileRef = 8F920BB02808EB9400C13FA5 /* UIViewController+Child.swift */; };
		8F920BB32808EBDF00C13FA5 /* CurrencyExchangeViewController.swift in Sources */ = {isa = PBXBuildFile; fileRef = 8F920BB22808EBDF00C13FA5 /* CurrencyExchangeViewController.swift */; };
		8F920BB62808EEF800C13FA5 /* ExchangeView.swift in Sources */ = {isa = PBXBuildFile; fileRef = 8F920BB42808EEF800C13FA5 /* ExchangeView.swift */; };
		8F920BB72808EEF800C13FA5 /* ExchangeView.xib in Resources */ = {isa = PBXBuildFile; fileRef = 8F920BB52808EEF800C13FA5 /* ExchangeView.xib */; };
		8F920BBA2808EF5B00C13FA5 /* NibLoadable.swift in Sources */ = {isa = PBXBuildFile; fileRef = 8F920BB92808EF5B00C13FA5 /* NibLoadable.swift */; };
		ABE73EBD3D9B85C290938B16 /* Pods_CurrencyExchanger_CurrencyExchangerUITests.framework in Frameworks */ = {isa = PBXBuildFile; fileRef = 47FAA4252AD98A5F4DD1A7DE /* Pods_CurrencyExchanger_CurrencyExchangerUITests.framework */; };
/* End PBXBuildFile section */

/* Begin PBXContainerItemProxy section */
		8F920B45280857EB00C13FA5 /* PBXContainerItemProxy */ = {
			isa = PBXContainerItemProxy;
			containerPortal = 8F920B26280857E800C13FA5 /* Project object */;
			proxyType = 1;
			remoteGlobalIDString = 8F920B2D280857E800C13FA5;
			remoteInfo = CurrencyExchanger;
		};
		8F920B4F280857EB00C13FA5 /* PBXContainerItemProxy */ = {
			isa = PBXContainerItemProxy;
			containerPortal = 8F920B26280857E800C13FA5 /* Project object */;
			proxyType = 1;
			remoteGlobalIDString = 8F920B2D280857E800C13FA5;
			remoteInfo = CurrencyExchanger;
		};
/* End PBXContainerItemProxy section */

/* Begin PBXCopyFilesBuildPhase section */
		8F920BA62808C94A00C13FA5 /* Embed Frameworks */ = {
			isa = PBXCopyFilesBuildPhase;
			buildActionMask = 2147483647;
			dstPath = "";
			dstSubfolderSpec = 10;
			files = (
			);
			name = "Embed Frameworks";
			runOnlyForDeploymentPostprocessing = 0;
		};
/* End PBXCopyFilesBuildPhase section */

/* Begin PBXFileReference section */
		01CEBE87456D0EE583327AD2 /* Pods-CurrencyExchangerTests.debug.xcconfig */ = {isa = PBXFileReference; includeInIndex = 1; lastKnownFileType = text.xcconfig; name = "Pods-CurrencyExchangerTests.debug.xcconfig"; path = "Target Support Files/Pods-CurrencyExchangerTests/Pods-CurrencyExchangerTests.debug.xcconfig"; sourceTree = "<group>"; };
		39FD78BA6DD949B12047B8CE /* Pods-CurrencyExchanger-CurrencyExchangerUITests.release.xcconfig */ = {isa = PBXFileReference; includeInIndex = 1; lastKnownFileType = text.xcconfig; name = "Pods-CurrencyExchanger-CurrencyExchangerUITests.release.xcconfig"; path = "Target Support Files/Pods-CurrencyExchanger-CurrencyExchangerUITests/Pods-CurrencyExchanger-CurrencyExchangerUITests.release.xcconfig"; sourceTree = "<group>"; };
		47FAA4252AD98A5F4DD1A7DE /* Pods_CurrencyExchanger_CurrencyExchangerUITests.framework */ = {isa = PBXFileReference; explicitFileType = wrapper.framework; includeInIndex = 0; path = Pods_CurrencyExchanger_CurrencyExchangerUITests.framework; sourceTree = BUILT_PRODUCTS_DIR; };
		5124F17B071BBF23F64A1563 /* Pods-CurrencyExchanger.release.xcconfig */ = {isa = PBXFileReference; includeInIndex = 1; lastKnownFileType = text.xcconfig; name = "Pods-CurrencyExchanger.release.xcconfig"; path = "Target Support Files/Pods-CurrencyExchanger/Pods-CurrencyExchanger.release.xcconfig"; sourceTree = "<group>"; };
		56A878D1ECEB3E946FE1AC4E /* Pods-CurrencyExchanger.debug.xcconfig */ = {isa = PBXFileReference; includeInIndex = 1; lastKnownFileType = text.xcconfig; name = "Pods-CurrencyExchanger.debug.xcconfig"; path = "Target Support Files/Pods-CurrencyExchanger/Pods-CurrencyExchanger.debug.xcconfig"; sourceTree = "<group>"; };
		68AA9DBF7E041625A635F957 /* Pods_CurrencyExchangerTests.framework */ = {isa = PBXFileReference; explicitFileType = wrapper.framework; includeInIndex = 0; path = Pods_CurrencyExchangerTests.framework; sourceTree = BUILT_PRODUCTS_DIR; };
		6A19EAAB88048DDAE2D911FB /* Pods-CurrencyExchangerTests.release.xcconfig */ = {isa = PBXFileReference; includeInIndex = 1; lastKnownFileType = text.xcconfig; name = "Pods-CurrencyExchangerTests.release.xcconfig"; path = "Target Support Files/Pods-CurrencyExchangerTests/Pods-CurrencyExchangerTests.release.xcconfig"; sourceTree = "<group>"; };
		806244213013C5ADA5275A91 /* Pods_CurrencyExchanger.framework */ = {isa = PBXFileReference; explicitFileType = wrapper.framework; includeInIndex = 0; path = Pods_CurrencyExchanger.framework; sourceTree = BUILT_PRODUCTS_DIR; };
		83CB240013481CA5FE1993F9 /* Pods-CurrencyExchanger-CurrencyExchangerUITests.debug.xcconfig */ = {isa = PBXFileReference; includeInIndex = 1; lastKnownFileType = text.xcconfig; name = "Pods-CurrencyExchanger-CurrencyExchangerUITests.debug.xcconfig"; path = "Target Support Files/Pods-CurrencyExchanger-CurrencyExchangerUITests/Pods-CurrencyExchanger-CurrencyExchangerUITests.debug.xcconfig"; sourceTree = "<group>"; };
		8F205D482808F4BC00EF3229 /* UIView+AutoLayout.swift */ = {isa = PBXFileReference; lastKnownFileType = sourcecode.swift; path = "UIView+AutoLayout.swift"; sourceTree = "<group>"; };
		8F205D4A2809905A00EF3229 /* UIView+CornerRadius.swift */ = {isa = PBXFileReference; lastKnownFileType = sourcecode.swift; path = "UIView+CornerRadius.swift"; sourceTree = "<group>"; };
		8F2C9A0A280B3085002F4C16 /* BalanceInteractorTests.swift */ = {isa = PBXFileReference; lastKnownFileType = sourcecode.swift; path = BalanceInteractorTests.swift; sourceTree = "<group>"; };
		8F2C9A0F280B3355002F4C16 /* MockLocalRepository.swift */ = {isa = PBXFileReference; lastKnownFileType = sourcecode.swift; path = MockLocalRepository.swift; sourceTree = "<group>"; };
		8F2C9A11280B3395002F4C16 /* ExchangeInteractorTests.swift */ = {isa = PBXFileReference; lastKnownFileType = sourcecode.swift; path = ExchangeInteractorTests.swift; sourceTree = "<group>"; };
		8F634B362809A216006071BD /* Data+PrettyPrint.swift */ = {isa = PBXFileReference; lastKnownFileType = sourcecode.swift; path = "Data+PrettyPrint.swift"; sourceTree = "<group>"; };
		8F634B382809A458006071BD /* UICollectionView+RegisterCell.swift */ = {isa = PBXFileReference; lastKnownFileType = sourcecode.swift; path = "UICollectionView+RegisterCell.swift"; sourceTree = "<group>"; };
		8F634B3A2809A48C006071BD /* UICollectionView+DequeueCell.swift */ = {isa = PBXFileReference; lastKnownFileType = sourcecode.swift; path = "UICollectionView+DequeueCell.swift"; sourceTree = "<group>"; };
		8F634B3D2809A517006071BD /* CurrencyCollectionViewCell.swift */ = {isa = PBXFileReference; lastKnownFileType = sourcecode.swift; path = CurrencyCollectionViewCell.swift; sourceTree = "<group>"; };
		8F634B3E2809A517006071BD /* CurrencyCollectionViewCell.xib */ = {isa = PBXFileReference; lastKnownFileType = file.xib; path = CurrencyCollectionViewCell.xib; sourceTree = "<group>"; };
		8F634B412809FB7C006071BD /* String+Size.swift */ = {isa = PBXFileReference; lastKnownFileType = sourcecode.swift; path = "String+Size.swift"; sourceTree = "<group>"; };
		8F634B432809FDA9006071BD /* BalanceInteractor.swift */ = {isa = PBXFileReference; lastKnownFileType = sourcecode.swift; path = BalanceInteractor.swift; sourceTree = "<group>"; };
		8F634B462809FDDF006071BD /* MyBalancesViewModel.swift */ = {isa = PBXFileReference; lastKnownFileType = sourcecode.swift; path = MyBalancesViewModel.swift; sourceTree = "<group>"; };
		8F634B4B280A0266006071BD /* URLConfiguration.swift */ = {isa = PBXFileReference; fileEncoding = 4; lastKnownFileType = sourcecode.swift; path = URLConfiguration.swift; sourceTree = "<group>"; };
		8F634B4D280A0309006071BD /* ExchangeModel.swift */ = {isa = PBXFileReference; lastKnownFileType = sourcecode.swift; path = ExchangeModel.swift; sourceTree = "<group>"; };
		8F634B4F280A0AB4006071BD /* ExchangeError.swift */ = {isa = PBXFileReference; lastKnownFileType = sourcecode.swift; path = ExchangeError.swift; sourceTree = "<group>"; };
		8F634B51280A0D39006071BD /* ExchangeInteractor.swift */ = {isa = PBXFileReference; lastKnownFileType = sourcecode.swift; path = ExchangeInteractor.swift; sourceTree = "<group>"; };
		8F634B53280A113C006071BD /* CurrencyExchangeViewModel.swift */ = {isa = PBXFileReference; lastKnownFileType = sourcecode.swift; path = CurrencyExchangeViewModel.swift; sourceTree = "<group>"; };
		8F634B55280A2071006071BD /* CommissionCalculator.swift */ = {isa = PBXFileReference; fileEncoding = 4; lastKnownFileType = sourcecode.swift; path = CommissionCalculator.swift; sourceTree = "<group>"; };
		8F634B57280A36ED006071BD /* String+ToDouble.swift */ = {isa = PBXFileReference; lastKnownFileType = sourcecode.swift; path = "String+ToDouble.swift"; sourceTree = "<group>"; };
		8F634B59280A4122006071BD /* UITextField+TextPublisher.swift */ = {isa = PBXFileReference; lastKnownFileType = sourcecode.swift; path = "UITextField+TextPublisher.swift"; sourceTree = "<group>"; };
		8F634B5B280AF2A7006071BD /* Float+ShortValue.swift */ = {isa = PBXFileReference; lastKnownFileType = sourcecode.swift; path = "Float+ShortValue.swift"; sourceTree = "<group>"; };
		8F634B5E280AF409006071BD /* CustomNavigationController.swift */ = {isa = PBXFileReference; lastKnownFileType = sourcecode.swift; path = CustomNavigationController.swift; sourceTree = "<group>"; };
		8F634B60280AFFD8006071BD /* DependencyInjector.swift */ = {isa = PBXFileReference; lastKnownFileType = sourcecode.swift; path = DependencyInjector.swift; sourceTree = "<group>"; };
		8F634B62280B02AA006071BD /* CommissionCalculatorTests.swift */ = {isa = PBXFileReference; lastKnownFileType = sourcecode.swift; path = CommissionCalculatorTests.swift; sourceTree = "<group>"; };
		8F920B2E280857E800C13FA5 /* CurrencyExchanger.app */ = {isa = PBXFileReference; explicitFileType = wrapper.application; includeInIndex = 0; path = CurrencyExchanger.app; sourceTree = BUILT_PRODUCTS_DIR; };
		8F920B31280857E800C13FA5 /* AppDelegate.swift */ = {isa = PBXFileReference; lastKnownFileType = sourcecode.swift; path = AppDelegate.swift; sourceTree = "<group>"; };
		8F920B33280857E800C13FA5 /* SceneDelegate.swift */ = {isa = PBXFileReference; lastKnownFileType = sourcecode.swift; path = SceneDelegate.swift; sourceTree = "<group>"; };
		8F920B38280857E800C13FA5 /* Base */ = {isa = PBXFileReference; lastKnownFileType = file.storyboard; name = Base; path = Base.lproj/Main.storyboard; sourceTree = "<group>"; };
		8F920B3A280857EB00C13FA5 /* Assets.xcassets */ = {isa = PBXFileReference; lastKnownFileType = folder.assetcatalog; path = Assets.xcassets; sourceTree = "<group>"; };
		8F920B3D280857EB00C13FA5 /* Base */ = {isa = PBXFileReference; lastKnownFileType = file.storyboard; name = Base; path = Base.lproj/LaunchScreen.storyboard; sourceTree = "<group>"; };
		8F920B3F280857EB00C13FA5 /* Info.plist */ = {isa = PBXFileReference; lastKnownFileType = text.plist.xml; path = Info.plist; sourceTree = "<group>"; };
		8F920B44280857EB00C13FA5 /* CurrencyExchangerTests.xctest */ = {isa = PBXFileReference; explicitFileType = wrapper.cfbundle; includeInIndex = 0; path = CurrencyExchangerTests.xctest; sourceTree = BUILT_PRODUCTS_DIR; };
		8F920B4E280857EB00C13FA5 /* CurrencyExchangerUITests.xctest */ = {isa = PBXFileReference; explicitFileType = wrapper.cfbundle; includeInIndex = 0; path = CurrencyExchangerUITests.xctest; sourceTree = BUILT_PRODUCTS_DIR; };
		8F920B52280857EB00C13FA5 /* CurrencyExchangerUITests.swift */ = {isa = PBXFileReference; lastKnownFileType = sourcecode.swift; path = CurrencyExchangerUITests.swift; sourceTree = "<group>"; };
		8F920B54280857EB00C13FA5 /* CurrencyExchangerUITestsLaunchTests.swift */ = {isa = PBXFileReference; lastKnownFileType = sourcecode.swift; path = CurrencyExchangerUITestsLaunchTests.swift; sourceTree = "<group>"; };
		8F920B632808BBFD00C13FA5 /* MainViewController.swift */ = {isa = PBXFileReference; lastKnownFileType = sourcecode.swift; path = MainViewController.swift; sourceTree = "<group>"; };
		8F920B712808C06100C13FA5 /* DepositModel.swift */ = {isa = PBXFileReference; lastKnownFileType = sourcecode.swift; path = DepositModel.swift; sourceTree = "<group>"; };
		8F920B742808C0CF00C13FA5 /* CurrencyType.swift */ = {isa = PBXFileReference; lastKnownFileType = sourcecode.swift; path = CurrencyType.swift; sourceTree = "<group>"; };
		8F920B762808C29000C13FA5 /* NetworkController.swift */ = {isa = PBXFileReference; lastKnownFileType = sourcecode.swift; path = NetworkController.swift; sourceTree = "<group>"; };
		8F920B772808C29600C13FA5 /* NetworkControllerProtocol.swift */ = {isa = PBXFileReference; lastKnownFileType = sourcecode.swift; path = NetworkControllerProtocol.swift; sourceTree = "<group>"; };
		8F920B782808C29D00C13FA5 /* ServiceProtocol.swift */ = {isa = PBXFileReference; lastKnownFileType = sourcecode.swift; path = ServiceProtocol.swift; sourceTree = "<group>"; };
		8F920B792808C2A800C13FA5 /* HTTPMethod.swift */ = {isa = PBXFileReference; lastKnownFileType = sourcecode.swift; path = HTTPMethod.swift; sourceTree = "<group>"; };
		8F920B7A2808C2B100C13FA5 /* Endpoints.swift */ = {isa = PBXFileReference; lastKnownFileType = sourcecode.swift; path = Endpoints.swift; sourceTree = "<group>"; };
		8F920B7B2808C2B700C13FA5 /* API.swift */ = {isa = PBXFileReference; lastKnownFileType = sourcecode.swift; path = API.swift; sourceTree = "<group>"; };
		8F920B7C2808C2D400C13FA5 /* Configuration.plist */ = {isa = PBXFileReference; lastKnownFileType = text.plist.xml; path = Configuration.plist; sourceTree = "<group>"; };
		8F920B7D2808C2EA00C13FA5 /* LocalRepository.swift */ = {isa = PBXFileReference; lastKnownFileType = sourcecode.swift; path = LocalRepository.swift; sourceTree = "<group>"; };
		8F920B7F2808C2FA00C13FA5 /* ExchangeWebRepository.swift */ = {isa = PBXFileReference; lastKnownFileType = sourcecode.swift; name = ExchangeWebRepository.swift; path = ../../../../../../../Projects/2local/Vaiyo/UIKitVersion/VaiyoUIKit/Data/Repository/WebRepository/ExchangeWebRepository.swift; sourceTree = "<group>"; };
		8F920B802808C46C00C13FA5 /* AccountModel.swift */ = {isa = PBXFileReference; lastKnownFileType = sourcecode.swift; path = AccountModel.swift; sourceTree = "<group>"; };
		8F920BAC2808E73900C13FA5 /* MyBalancesViewController.swift */ = {isa = PBXFileReference; lastKnownFileType = sourcecode.swift; path = MyBalancesViewController.swift; sourceTree = "<group>"; };
		8F920BAE2808EAFD00C13FA5 /* Storyboards.swift */ = {isa = PBXFileReference; fileEncoding = 4; lastKnownFileType = sourcecode.swift; path = Storyboards.swift; sourceTree = "<group>"; };
		8F920BB02808EB9400C13FA5 /* UIViewController+Child.swift */ = {isa = PBXFileReference; lastKnownFileType = sourcecode.swift; path = "UIViewController+Child.swift"; sourceTree = "<group>"; };
		8F920BB22808EBDF00C13FA5 /* CurrencyExchangeViewController.swift */ = {isa = PBXFileReference; lastKnownFileType = sourcecode.swift; path = CurrencyExchangeViewController.swift; sourceTree = "<group>"; };
		8F920BB42808EEF800C13FA5 /* ExchangeView.swift */ = {isa = PBXFileReference; lastKnownFileType = sourcecode.swift; path = ExchangeView.swift; sourceTree = "<group>"; };
		8F920BB52808EEF800C13FA5 /* ExchangeView.xib */ = {isa = PBXFileReference; lastKnownFileType = file.xib; path = ExchangeView.xib; sourceTree = "<group>"; };
		8F920BB92808EF5B00C13FA5 /* NibLoadable.swift */ = {isa = PBXFileReference; lastKnownFileType = sourcecode.swift; path = NibLoadable.swift; sourceTree = "<group>"; };
/* End PBXFileReference section */

/* Begin PBXFrameworksBuildPhase section */
		8F920B2B280857E800C13FA5 /* Frameworks */ = {
			isa = PBXFrameworksBuildPhase;
			buildActionMask = 2147483647;
			files = (
				733AC47C9AFFF3717430CC4A /* Pods_CurrencyExchanger.framework in Frameworks */,
			);
			runOnlyForDeploymentPostprocessing = 0;
		};
		8F920B41280857EB00C13FA5 /* Frameworks */ = {
			isa = PBXFrameworksBuildPhase;
			buildActionMask = 2147483647;
			files = (
				0F7FD5A521F8E5F76ECD35EF /* Pods_CurrencyExchangerTests.framework in Frameworks */,
			);
			runOnlyForDeploymentPostprocessing = 0;
		};
		8F920B4B280857EB00C13FA5 /* Frameworks */ = {
			isa = PBXFrameworksBuildPhase;
			buildActionMask = 2147483647;
			files = (
				ABE73EBD3D9B85C290938B16 /* Pods_CurrencyExchanger_CurrencyExchangerUITests.framework in Frameworks */,
			);
			runOnlyForDeploymentPostprocessing = 0;
		};
/* End PBXFrameworksBuildPhase section */

/* Begin PBXGroup section */
		2CD1CF54A7536A11093CF2FF /* Frameworks */ = {
			isa = PBXGroup;
			children = (
				806244213013C5ADA5275A91 /* Pods_CurrencyExchanger.framework */,
				47FAA4252AD98A5F4DD1A7DE /* Pods_CurrencyExchanger_CurrencyExchangerUITests.framework */,
				68AA9DBF7E041625A635F957 /* Pods_CurrencyExchangerTests.framework */,
			);
			name = Frameworks;
			sourceTree = "<group>";
		};
		8F2C9A0D280B332E002F4C16 /* Cases */ = {
			isa = PBXGroup;
			children = (
				8F634B62280B02AA006071BD /* CommissionCalculatorTests.swift */,
				8F2C9A0A280B3085002F4C16 /* BalanceInteractorTests.swift */,
				8F2C9A11280B3395002F4C16 /* ExchangeInteractorTests.swift */,
			);
			path = Cases;
			sourceTree = "<group>";
		};
		8F2C9A0E280B3333002F4C16 /* Mocks */ = {
			isa = PBXGroup;
			children = (
				8F2C9A0F280B3355002F4C16 /* MockLocalRepository.swift */,
			);
			path = Mocks;
			sourceTree = "<group>";
		};
		8F634B3C2809A4F6006071BD /* CurrencyCell */ = {
			isa = PBXGroup;
			children = (
				8F634B3D2809A517006071BD /* CurrencyCollectionViewCell.swift */,
				8F634B3E2809A517006071BD /* CurrencyCollectionViewCell.xib */,
			);
			path = CurrencyCell;
			sourceTree = "<group>";
		};
		8F634B452809FDD2006071BD /* ViewModels */ = {
			isa = PBXGroup;
			children = (
				8F634B462809FDDF006071BD /* MyBalancesViewModel.swift */,
				8F634B53280A113C006071BD /* CurrencyExchangeViewModel.swift */,
			);
			path = ViewModels;
			sourceTree = "<group>";
		};
		8F634B5D280AF3F0006071BD /* Base */ = {
			isa = PBXGroup;
			children = (
				8F634B5E280AF409006071BD /* CustomNavigationController.swift */,
			);
			path = Base;
			sourceTree = "<group>";
		};
		8F920B25280857E800C13FA5 = {
			isa = PBXGroup;
			children = (
				8F920B30280857E800C13FA5 /* CurrencyExchanger */,
				8F920B47280857EB00C13FA5 /* CurrencyExchangerTests */,
				8F920B51280857EB00C13FA5 /* CurrencyExchangerUITests */,
				8F920B2F280857E800C13FA5 /* Products */,
				FDB074A3D99BD681D6456B50 /* Pods */,
				2CD1CF54A7536A11093CF2FF /* Frameworks */,
			);
			sourceTree = "<group>";
		};
		8F920B2F280857E800C13FA5 /* Products */ = {
			isa = PBXGroup;
			children = (
				8F920B2E280857E800C13FA5 /* CurrencyExchanger.app */,
				8F920B44280857EB00C13FA5 /* CurrencyExchangerTests.xctest */,
				8F920B4E280857EB00C13FA5 /* CurrencyExchangerUITests.xctest */,
			);
			name = Products;
			sourceTree = "<group>";
		};
		8F920B30280857E800C13FA5 /* CurrencyExchanger */ = {
			isa = PBXGroup;
			children = (
				8F920B682808BFA900C13FA5 /* Application */,
				8F920B6B2808BFF900C13FA5 /* Data */,
				8F920B822808C5D200C13FA5 /* Domain */,
				8F920B842808C63F00C13FA5 /* Extensions */,
				8F920B652808BF7200C13FA5 /* Presentation */,
				8F920B6A2808BFD100C13FA5 /* Resources */,
			);
			path = CurrencyExchanger;
			sourceTree = "<group>";
		};
		8F920B47280857EB00C13FA5 /* CurrencyExchangerTests */ = {
			isa = PBXGroup;
			children = (
				8F2C9A0E280B3333002F4C16 /* Mocks */,
				8F2C9A0D280B332E002F4C16 /* Cases */,
			);
			path = CurrencyExchangerTests;
			sourceTree = "<group>";
		};
		8F920B51280857EB00C13FA5 /* CurrencyExchangerUITests */ = {
			isa = PBXGroup;
			children = (
				8F920B52280857EB00C13FA5 /* CurrencyExchangerUITests.swift */,
				8F920B54280857EB00C13FA5 /* CurrencyExchangerUITestsLaunchTests.swift */,
			);
			path = CurrencyExchangerUITests;
			sourceTree = "<group>";
		};
		8F920B652808BF7200C13FA5 /* Presentation */ = {
			isa = PBXGroup;
			children = (
				8F634B5D280AF3F0006071BD /* Base */,
				8F634B452809FDD2006071BD /* ViewModels */,
				8F920B692808BFC100C13FA5 /* Storyboards */,
				8F920B662808BF8500C13FA5 /* ViewControllers */,
				8F920B672808BF9600C13FA5 /* Views */,
			);
			path = Presentation;
			sourceTree = "<group>";
		};
		8F920B662808BF8500C13FA5 /* ViewControllers */ = {
			isa = PBXGroup;
			children = (
				8F920B632808BBFD00C13FA5 /* MainViewController.swift */,
				8F920BAC2808E73900C13FA5 /* MyBalancesViewController.swift */,
				8F920BB22808EBDF00C13FA5 /* CurrencyExchangeViewController.swift */,
			);
			path = ViewControllers;
			sourceTree = "<group>";
		};
		8F920B672808BF9600C13FA5 /* Views */ = {
			isa = PBXGroup;
			children = (
				8F634B3C2809A4F6006071BD /* CurrencyCell */,
				8F920BB82808EF4A00C13FA5 /* Exchange */,
				8F920BB92808EF5B00C13FA5 /* NibLoadable.swift */,
			);
			path = Views;
			sourceTree = "<group>";
		};
		8F920B682808BFA900C13FA5 /* Application */ = {
			isa = PBXGroup;
			children = (
				8F920B33280857E800C13FA5 /* SceneDelegate.swift */,
				8F920B31280857E800C13FA5 /* AppDelegate.swift */,
				8F634B60280AFFD8006071BD /* DependencyInjector.swift */,
			);
			path = Application;
			sourceTree = "<group>";
		};
		8F920B692808BFC100C13FA5 /* Storyboards */ = {
			isa = PBXGroup;
			children = (
				8F920BAE2808EAFD00C13FA5 /* Storyboards.swift */,
				8F920B3C280857EB00C13FA5 /* LaunchScreen.storyboard */,
				8F920B37280857E800C13FA5 /* Main.storyboard */,
			);
			path = Storyboards;
			sourceTree = "<group>";
		};
		8F920B6A2808BFD100C13FA5 /* Resources */ = {
			isa = PBXGroup;
			children = (
				8F920B3A280857EB00C13FA5 /* Assets.xcassets */,
				8F920B3F280857EB00C13FA5 /* Info.plist */,
			);
			path = Resources;
			sourceTree = "<group>";
		};
		8F920B6B2808BFF900C13FA5 /* Data */ = {
			isa = PBXGroup;
			children = (
				8F920B732808C0C300C13FA5 /* Enums */,
				8F920B6C2808BFFE00C13FA5 /* Network */,
				8F920B6D2808C00600C13FA5 /* Repositories */,
			);
			path = Data;
			sourceTree = "<group>";
		};
		8F920B6C2808BFFE00C13FA5 /* Network */ = {
			isa = PBXGroup;
			children = (
				8F920B7C2808C2D400C13FA5 /* Configuration.plist */,
				8F920B7B2808C2B700C13FA5 /* API.swift */,
				8F920B7A2808C2B100C13FA5 /* Endpoints.swift */,
				8F634B4F280A0AB4006071BD /* ExchangeError.swift */,
				8F920B792808C2A800C13FA5 /* HTTPMethod.swift */,
				8F920B762808C29000C13FA5 /* NetworkController.swift */,
				8F920B772808C29600C13FA5 /* NetworkControllerProtocol.swift */,
				8F920B782808C29D00C13FA5 /* ServiceProtocol.swift */,
				8F634B4B280A0266006071BD /* URLConfiguration.swift */,
			);
			path = Network;
			sourceTree = "<group>";
		};
		8F920B6D2808C00600C13FA5 /* Repositories */ = {
			isa = PBXGroup;
			children = (
				8F920B6F2808C03000C13FA5 /* Web */,
				8F920B6E2808C02900C13FA5 /* Local */,
			);
			path = Repositories;
			sourceTree = "<group>";
		};
		8F920B6E2808C02900C13FA5 /* Local */ = {
			isa = PBXGroup;
			children = (
				8F920B7D2808C2EA00C13FA5 /* LocalRepository.swift */,
			);
			path = Local;
			sourceTree = "<group>";
		};
		8F920B6F2808C03000C13FA5 /* Web */ = {
			isa = PBXGroup;
			children = (
				8F920B7F2808C2FA00C13FA5 /* ExchangeWebRepository.swift */,
			);
			path = Web;
			sourceTree = "<group>";
		};
		8F920B702808C04000C13FA5 /* Entities */ = {
			isa = PBXGroup;
			children = (
				8F920B712808C06100C13FA5 /* DepositModel.swift */,
				8F920B802808C46C00C13FA5 /* AccountModel.swift */,
				8F634B4D280A0309006071BD /* ExchangeModel.swift */,
			);
			path = Entities;
			sourceTree = "<group>";
		};
		8F920B732808C0C300C13FA5 /* Enums */ = {
			isa = PBXGroup;
			children = (
				8F920B742808C0CF00C13FA5 /* CurrencyType.swift */,
			);
			path = Enums;
			sourceTree = "<group>";
		};
		8F920B822808C5D200C13FA5 /* Domain */ = {
			isa = PBXGroup;
			children = (
				8F634B55280A2071006071BD /* CommissionCalculator.swift */,
				8F920B832808C63300C13FA5 /* Interactors */,
				8F920B702808C04000C13FA5 /* Entities */,
			);
			path = Domain;
			sourceTree = "<group>";
		};
		8F920B832808C63300C13FA5 /* Interactors */ = {
			isa = PBXGroup;
			children = (
				8F634B432809FDA9006071BD /* BalanceInteractor.swift */,
				8F634B51280A0D39006071BD /* ExchangeInteractor.swift */,
			);
			path = Interactors;
			sourceTree = "<group>";
		};
		8F920B842808C63F00C13FA5 /* Extensions */ = {
			isa = PBXGroup;
			children = (
				8F920BB02808EB9400C13FA5 /* UIViewController+Child.swift */,
				8F205D482808F4BC00EF3229 /* UIView+AutoLayout.swift */,
				8F205D4A2809905A00EF3229 /* UIView+CornerRadius.swift */,
				8F634B362809A216006071BD /* Data+PrettyPrint.swift */,
				8F634B382809A458006071BD /* UICollectionView+RegisterCell.swift */,
				8F634B3A2809A48C006071BD /* UICollectionView+DequeueCell.swift */,
				8F634B412809FB7C006071BD /* String+Size.swift */,
				8F634B57280A36ED006071BD /* String+ToDouble.swift */,
				8F634B59280A4122006071BD /* UITextField+TextPublisher.swift */,
				8F634B5B280AF2A7006071BD /* Float+ShortValue.swift */,
			);
			path = Extensions;
			sourceTree = "<group>";
		};
		8F920BB82808EF4A00C13FA5 /* Exchange */ = {
			isa = PBXGroup;
			children = (
				8F920BB42808EEF800C13FA5 /* ExchangeView.swift */,
				8F920BB52808EEF800C13FA5 /* ExchangeView.xib */,
			);
			path = Exchange;
			sourceTree = "<group>";
		};
		FDB074A3D99BD681D6456B50 /* Pods */ = {
			isa = PBXGroup;
			children = (
				56A878D1ECEB3E946FE1AC4E /* Pods-CurrencyExchanger.debug.xcconfig */,
				5124F17B071BBF23F64A1563 /* Pods-CurrencyExchanger.release.xcconfig */,
				83CB240013481CA5FE1993F9 /* Pods-CurrencyExchanger-CurrencyExchangerUITests.debug.xcconfig */,
				39FD78BA6DD949B12047B8CE /* Pods-CurrencyExchanger-CurrencyExchangerUITests.release.xcconfig */,
				01CEBE87456D0EE583327AD2 /* Pods-CurrencyExchangerTests.debug.xcconfig */,
				6A19EAAB88048DDAE2D911FB /* Pods-CurrencyExchangerTests.release.xcconfig */,
			);
			path = Pods;
			sourceTree = "<group>";
		};
/* End PBXGroup section */

/* Begin PBXNativeTarget section */
		8F920B2D280857E800C13FA5 /* CurrencyExchanger */ = {
			isa = PBXNativeTarget;
			buildConfigurationList = 8F920B58280857EB00C13FA5 /* Build configuration list for PBXNativeTarget "CurrencyExchanger" */;
			buildPhases = (
				CB8CCB6738F9E92F63A9CA9E /* [CP] Check Pods Manifest.lock */,
				8F920B2A280857E800C13FA5 /* Sources */,
				8F920B2B280857E800C13FA5 /* Frameworks */,
				8F920B2C280857E800C13FA5 /* Resources */,
				8F920BA62808C94A00C13FA5 /* Embed Frameworks */,
				932B6F9238F6150360F47332 /* [CP] Embed Pods Frameworks */,
			);
			buildRules = (
			);
			dependencies = (
			);
			name = CurrencyExchanger;
			productName = CurrencyExchanger;
			productReference = 8F920B2E280857E800C13FA5 /* CurrencyExchanger.app */;
			productType = "com.apple.product-type.application";
		};
		8F920B43280857EB00C13FA5 /* CurrencyExchangerTests */ = {
			isa = PBXNativeTarget;
			buildConfigurationList = 8F920B5B280857EB00C13FA5 /* Build configuration list for PBXNativeTarget "CurrencyExchangerTests" */;
			buildPhases = (
				87F25BF1AC456E5F91E9603C /* [CP] Check Pods Manifest.lock */,
				8F920B40280857EB00C13FA5 /* Sources */,
				8F920B41280857EB00C13FA5 /* Frameworks */,
				8F920B42280857EB00C13FA5 /* Resources */,
			);
			buildRules = (
			);
			dependencies = (
				8F920B46280857EB00C13FA5 /* PBXTargetDependency */,
			);
			name = CurrencyExchangerTests;
			productName = CurrencyExchangerTests;
			productReference = 8F920B44280857EB00C13FA5 /* CurrencyExchangerTests.xctest */;
			productType = "com.apple.product-type.bundle.unit-test";
		};
		8F920B4D280857EB00C13FA5 /* CurrencyExchangerUITests */ = {
			isa = PBXNativeTarget;
			buildConfigurationList = 8F920B5E280857EB00C13FA5 /* Build configuration list for PBXNativeTarget "CurrencyExchangerUITests" */;
			buildPhases = (
				DE5D97D3DB54D49E247ACBB2 /* [CP] Check Pods Manifest.lock */,
				8F920B4A280857EB00C13FA5 /* Sources */,
				8F920B4B280857EB00C13FA5 /* Frameworks */,
				8F920B4C280857EB00C13FA5 /* Resources */,
				58BF256579235828A02432EB /* [CP] Embed Pods Frameworks */,
			);
			buildRules = (
			);
			dependencies = (
				8F920B50280857EB00C13FA5 /* PBXTargetDependency */,
			);
			name = CurrencyExchangerUITests;
			productName = CurrencyExchangerUITests;
			productReference = 8F920B4E280857EB00C13FA5 /* CurrencyExchangerUITests.xctest */;
			productType = "com.apple.product-type.bundle.ui-testing";
		};
/* End PBXNativeTarget section */

/* Begin PBXProject section */
		8F920B26280857E800C13FA5 /* Project object */ = {
			isa = PBXProject;
			attributes = {
				BuildIndependentTargetsInParallel = 1;
				LastSwiftUpdateCheck = 1320;
				LastUpgradeCheck = 1320;
				TargetAttributes = {
					8F920B2D280857E800C13FA5 = {
						CreatedOnToolsVersion = 13.2;
					};
					8F920B43280857EB00C13FA5 = {
						CreatedOnToolsVersion = 13.2;
						LastSwiftMigration = 1320;
						TestTargetID = 8F920B2D280857E800C13FA5;
					};
					8F920B4D280857EB00C13FA5 = {
						CreatedOnToolsVersion = 13.2;
						TestTargetID = 8F920B2D280857E800C13FA5;
					};
				};
			};
			buildConfigurationList = 8F920B29280857E800C13FA5 /* Build configuration list for PBXProject "CurrencyExchanger" */;
			compatibilityVersion = "Xcode 13.0";
			developmentRegion = en;
			hasScannedForEncodings = 0;
			knownRegions = (
				en,
				Base,
			);
			mainGroup = 8F920B25280857E800C13FA5;
			productRefGroup = 8F920B2F280857E800C13FA5 /* Products */;
			projectDirPath = "";
			projectRoot = "";
			targets = (
				8F920B2D280857E800C13FA5 /* CurrencyExchanger */,
				8F920B43280857EB00C13FA5 /* CurrencyExchangerTests */,
				8F920B4D280857EB00C13FA5 /* CurrencyExchangerUITests */,
			);
		};
/* End PBXProject section */

/* Begin PBXResourcesBuildPhase section */
		8F920B2C280857E800C13FA5 /* Resources */ = {
			isa = PBXResourcesBuildPhase;
			buildActionMask = 2147483647;
			files = (
				8F920B3E280857EB00C13FA5 /* LaunchScreen.storyboard in Resources */,
				8F920B3B280857EB00C13FA5 /* Assets.xcassets in Resources */,
				8F634B402809A517006071BD /* CurrencyCollectionViewCell.xib in Resources */,
				8F634B4A280A0201006071BD /* Configuration.plist in Resources */,
				8F920B39280857E800C13FA5 /* Main.storyboard in Resources */,
				8F920BB72808EEF800C13FA5 /* ExchangeView.xib in Resources */,
			);
			runOnlyForDeploymentPostprocessing = 0;
		};
		8F920B42280857EB00C13FA5 /* Resources */ = {
			isa = PBXResourcesBuildPhase;
			buildActionMask = 2147483647;
			files = (
			);
			runOnlyForDeploymentPostprocessing = 0;
		};
		8F920B4C280857EB00C13FA5 /* Resources */ = {
			isa = PBXResourcesBuildPhase;
			buildActionMask = 2147483647;
			files = (
			);
			runOnlyForDeploymentPostprocessing = 0;
		};
/* End PBXResourcesBuildPhase section */

/* Begin PBXShellScriptBuildPhase section */
		58BF256579235828A02432EB /* [CP] Embed Pods Frameworks */ = {
			isa = PBXShellScriptBuildPhase;
			buildActionMask = 2147483647;
			files = (
			);
			inputFileListPaths = (
				"${PODS_ROOT}/Target Support Files/Pods-CurrencyExchanger-CurrencyExchangerUITests/Pods-CurrencyExchanger-CurrencyExchangerUITests-frameworks-${CONFIGURATION}-input-files.xcfilelist",
			);
			name = "[CP] Embed Pods Frameworks";
			outputFileListPaths = (
				"${PODS_ROOT}/Target Support Files/Pods-CurrencyExchanger-CurrencyExchangerUITests/Pods-CurrencyExchanger-CurrencyExchangerUITests-frameworks-${CONFIGURATION}-output-files.xcfilelist",
			);
			runOnlyForDeploymentPostprocessing = 0;
			shellPath = /bin/sh;
			shellScript = "\"${PODS_ROOT}/Target Support Files/Pods-CurrencyExchanger-CurrencyExchangerUITests/Pods-CurrencyExchanger-CurrencyExchangerUITests-frameworks.sh\"\n";
			showEnvVarsInLog = 0;
		};
		87F25BF1AC456E5F91E9603C /* [CP] Check Pods Manifest.lock */ = {
			isa = PBXShellScriptBuildPhase;
			buildActionMask = 2147483647;
			files = (
			);
			inputFileListPaths = (
			);
			inputPaths = (
				"${PODS_PODFILE_DIR_PATH}/Podfile.lock",
				"${PODS_ROOT}/Manifest.lock",
			);
			name = "[CP] Check Pods Manifest.lock";
			outputFileListPaths = (
			);
			outputPaths = (
				"$(DERIVED_FILE_DIR)/Pods-CurrencyExchangerTests-checkManifestLockResult.txt",
			);
			runOnlyForDeploymentPostprocessing = 0;
			shellPath = /bin/sh;
			shellScript = "diff \"${PODS_PODFILE_DIR_PATH}/Podfile.lock\" \"${PODS_ROOT}/Manifest.lock\" > /dev/null\nif [ $? != 0 ] ; then\n    # print error to STDERR\n    echo \"error: The sandbox is not in sync with the Podfile.lock. Run 'pod install' or update your CocoaPods installation.\" >&2\n    exit 1\nfi\n# This output is used by Xcode 'outputs' to avoid re-running this script phase.\necho \"SUCCESS\" > \"${SCRIPT_OUTPUT_FILE_0}\"\n";
			showEnvVarsInLog = 0;
		};
		932B6F9238F6150360F47332 /* [CP] Embed Pods Frameworks */ = {
			isa = PBXShellScriptBuildPhase;
			buildActionMask = 2147483647;
			files = (
			);
			inputFileListPaths = (
				"${PODS_ROOT}/Target Support Files/Pods-CurrencyExchanger/Pods-CurrencyExchanger-frameworks-${CONFIGURATION}-input-files.xcfilelist",
			);
			name = "[CP] Embed Pods Frameworks";
			outputFileListPaths = (
				"${PODS_ROOT}/Target Support Files/Pods-CurrencyExchanger/Pods-CurrencyExchanger-frameworks-${CONFIGURATION}-output-files.xcfilelist",
			);
			runOnlyForDeploymentPostprocessing = 0;
			shellPath = /bin/sh;
			shellScript = "\"${PODS_ROOT}/Target Support Files/Pods-CurrencyExchanger/Pods-CurrencyExchanger-frameworks.sh\"\n";
			showEnvVarsInLog = 0;
		};
		CB8CCB6738F9E92F63A9CA9E /* [CP] Check Pods Manifest.lock */ = {
			isa = PBXShellScriptBuildPhase;
			buildActionMask = 2147483647;
			files = (
			);
			inputFileListPaths = (
			);
			inputPaths = (
				"${PODS_PODFILE_DIR_PATH}/Podfile.lock",
				"${PODS_ROOT}/Manifest.lock",
			);
			name = "[CP] Check Pods Manifest.lock";
			outputFileListPaths = (
			);
			outputPaths = (
				"$(DERIVED_FILE_DIR)/Pods-CurrencyExchanger-checkManifestLockResult.txt",
			);
			runOnlyForDeploymentPostprocessing = 0;
			shellPath = /bin/sh;
			shellScript = "diff \"${PODS_PODFILE_DIR_PATH}/Podfile.lock\" \"${PODS_ROOT}/Manifest.lock\" > /dev/null\nif [ $? != 0 ] ; then\n    # print error to STDERR\n    echo \"error: The sandbox is not in sync with the Podfile.lock. Run 'pod install' or update your CocoaPods installation.\" >&2\n    exit 1\nfi\n# This output is used by Xcode 'outputs' to avoid re-running this script phase.\necho \"SUCCESS\" > \"${SCRIPT_OUTPUT_FILE_0}\"\n";
			showEnvVarsInLog = 0;
		};
		DE5D97D3DB54D49E247ACBB2 /* [CP] Check Pods Manifest.lock */ = {
			isa = PBXShellScriptBuildPhase;
			buildActionMask = 2147483647;
			files = (
			);
			inputFileListPaths = (
			);
			inputPaths = (
				"${PODS_PODFILE_DIR_PATH}/Podfile.lock",
				"${PODS_ROOT}/Manifest.lock",
			);
			name = "[CP] Check Pods Manifest.lock";
			outputFileListPaths = (
			);
			outputPaths = (
				"$(DERIVED_FILE_DIR)/Pods-CurrencyExchanger-CurrencyExchangerUITests-checkManifestLockResult.txt",
			);
			runOnlyForDeploymentPostprocessing = 0;
			shellPath = /bin/sh;
			shellScript = "diff \"${PODS_PODFILE_DIR_PATH}/Podfile.lock\" \"${PODS_ROOT}/Manifest.lock\" > /dev/null\nif [ $? != 0 ] ; then\n    # print error to STDERR\n    echo \"error: The sandbox is not in sync with the Podfile.lock. Run 'pod install' or update your CocoaPods installation.\" >&2\n    exit 1\nfi\n# This output is used by Xcode 'outputs' to avoid re-running this script phase.\necho \"SUCCESS\" > \"${SCRIPT_OUTPUT_FILE_0}\"\n";
			showEnvVarsInLog = 0;
		};
/* End PBXShellScriptBuildPhase section */

/* Begin PBXSourcesBuildPhase section */
		8F920B2A280857E800C13FA5 /* Sources */ = {
			isa = PBXSourcesBuildPhase;
			buildActionMask = 2147483647;
			files = (
				8F634B4E280A0309006071BD /* ExchangeModel.swift in Sources */,
				8F920BB62808EEF800C13FA5 /* ExchangeView.swift in Sources */,
				8F634B422809FB7C006071BD /* String+Size.swift in Sources */,
				8F920B812808C46C00C13FA5 /* AccountModel.swift in Sources */,
				8F920B642808BBFD00C13FA5 /* MainViewController.swift in Sources */,
				8F634B372809A216006071BD /* Data+PrettyPrint.swift in Sources */,
				8F634B332809A0C7006071BD /* NetworkController.swift in Sources */,
				8F634B392809A458006071BD /* UICollectionView+RegisterCell.swift in Sources */,
				8F634B48280A01CC006071BD /* API.swift in Sources */,
				8F634B342809A0D0006071BD /* NetworkControllerProtocol.swift in Sources */,
				8F634B5C280AF2A7006071BD /* Float+ShortValue.swift in Sources */,
				8F634B322809A0BF006071BD /* ServiceProtocol.swift in Sources */,
				8F634B5A280A4122006071BD /* UITextField+TextPublisher.swift in Sources */,
				8F634B58280A36ED006071BD /* String+ToDouble.swift in Sources */,
				8F634B49280A01E9006071BD /* Endpoints.swift in Sources */,
				8F634B4C280A0266006071BD /* URLConfiguration.swift in Sources */,
				8F920B752808C0CF00C13FA5 /* CurrencyType.swift in Sources */,
				8F634B3F2809A517006071BD /* CurrencyCollectionViewCell.swift in Sources */,
				8F920B722808C06100C13FA5 /* DepositModel.swift in Sources */,
				8F634B56280A2071006071BD /* CommissionCalculator.swift in Sources */,
				8F205D4B2809905A00EF3229 /* UIView+CornerRadius.swift in Sources */,
				8F634B52280A0D39006071BD /* ExchangeInteractor.swift in Sources */,
				8F634B61280AFFD8006071BD /* DependencyInjector.swift in Sources */,
				8F920B32280857E800C13FA5 /* AppDelegate.swift in Sources */,
				8F634B50280A0AB4006071BD /* ExchangeError.swift in Sources */,
				8F920BB12808EB9400C13FA5 /* UIViewController+Child.swift in Sources */,
				8F634B472809FDDF006071BD /* MyBalancesViewModel.swift in Sources */,
				8F634B3B2809A48C006071BD /* UICollectionView+DequeueCell.swift in Sources */,
				8F634B5F280AF409006071BD /* CustomNavigationController.swift in Sources */,
				8F634B352809A118006071BD /* LocalRepository.swift in Sources */,
				8F205D492808F4BC00EF3229 /* UIView+AutoLayout.swift in Sources */,
				8F920BB32808EBDF00C13FA5 /* CurrencyExchangeViewController.swift in Sources */,
				8F920BAF2808EAFD00C13FA5 /* Storyboards.swift in Sources */,
				8F634B442809FDA9006071BD /* BalanceInteractor.swift in Sources */,
				8F920BBA2808EF5B00C13FA5 /* NibLoadable.swift in Sources */,
				8F920B34280857E800C13FA5 /* SceneDelegate.swift in Sources */,
				8F920BAD2808E73900C13FA5 /* MyBalancesViewController.swift in Sources */,
				8F634B54280A113C006071BD /* CurrencyExchangeViewModel.swift in Sources */,
				8F634B312809A0B3006071BD /* ExchangeWebRepository.swift in Sources */,
			);
			runOnlyForDeploymentPostprocessing = 0;
		};
		8F920B40280857EB00C13FA5 /* Sources */ = {
			isa = PBXSourcesBuildPhase;
			buildActionMask = 2147483647;
			files = (
				8F634B63280B02AA006071BD /* CommissionCalculatorTests.swift in Sources */,
				8F2C9A12280B3395002F4C16 /* ExchangeInteractorTests.swift in Sources */,
				8F2C9A10280B3355002F4C16 /* MockLocalRepository.swift in Sources */,
				8F2C9A0B280B3085002F4C16 /* BalanceInteractorTests.swift in Sources */,
			);
			runOnlyForDeploymentPostprocessing = 0;
		};
		8F920B4A280857EB00C13FA5 /* Sources */ = {
			isa = PBXSourcesBuildPhase;
			buildActionMask = 2147483647;
			files = (
				8F920B53280857EB00C13FA5 /* CurrencyExchangerUITests.swift in Sources */,
				8F920B55280857EB00C13FA5 /* CurrencyExchangerUITestsLaunchTests.swift in Sources */,
			);
			runOnlyForDeploymentPostprocessing = 0;
		};
/* End PBXSourcesBuildPhase section */

/* Begin PBXTargetDependency section */
		8F920B46280857EB00C13FA5 /* PBXTargetDependency */ = {
			isa = PBXTargetDependency;
			target = 8F920B2D280857E800C13FA5 /* CurrencyExchanger */;
			targetProxy = 8F920B45280857EB00C13FA5 /* PBXContainerItemProxy */;
		};
		8F920B50280857EB00C13FA5 /* PBXTargetDependency */ = {
			isa = PBXTargetDependency;
			target = 8F920B2D280857E800C13FA5 /* CurrencyExchanger */;
			targetProxy = 8F920B4F280857EB00C13FA5 /* PBXContainerItemProxy */;
		};
/* End PBXTargetDependency section */

/* Begin PBXVariantGroup section */
		8F920B37280857E800C13FA5 /* Main.storyboard */ = {
			isa = PBXVariantGroup;
			children = (
				8F920B38280857E800C13FA5 /* Base */,
			);
			name = Main.storyboard;
			sourceTree = "<group>";
		};
		8F920B3C280857EB00C13FA5 /* LaunchScreen.storyboard */ = {
			isa = PBXVariantGroup;
			children = (
				8F920B3D280857EB00C13FA5 /* Base */,
			);
			name = LaunchScreen.storyboard;
			sourceTree = "<group>";
		};
/* End PBXVariantGroup section */

/* Begin XCBuildConfiguration section */
		8F920B56280857EB00C13FA5 /* Debug */ = {
			isa = XCBuildConfiguration;
			buildSettings = {
				ALWAYS_SEARCH_USER_PATHS = NO;
				CLANG_ANALYZER_NONNULL = YES;
				CLANG_ANALYZER_NUMBER_OBJECT_CONVERSION = YES_AGGRESSIVE;
				CLANG_CXX_LANGUAGE_STANDARD = "gnu++17";
				CLANG_CXX_LIBRARY = "libc++";
				CLANG_ENABLE_MODULES = YES;
				CLANG_ENABLE_OBJC_ARC = YES;
				CLANG_ENABLE_OBJC_WEAK = YES;
				CLANG_WARN_BLOCK_CAPTURE_AUTORELEASING = YES;
				CLANG_WARN_BOOL_CONVERSION = YES;
				CLANG_WARN_COMMA = YES;
				CLANG_WARN_CONSTANT_CONVERSION = YES;
				CLANG_WARN_DEPRECATED_OBJC_IMPLEMENTATIONS = YES;
				CLANG_WARN_DIRECT_OBJC_ISA_USAGE = YES_ERROR;
				CLANG_WARN_DOCUMENTATION_COMMENTS = YES;
				CLANG_WARN_EMPTY_BODY = YES;
				CLANG_WARN_ENUM_CONVERSION = YES;
				CLANG_WARN_INFINITE_RECURSION = YES;
				CLANG_WARN_INT_CONVERSION = YES;
				CLANG_WARN_NON_LITERAL_NULL_CONVERSION = YES;
				CLANG_WARN_OBJC_IMPLICIT_RETAIN_SELF = YES;
				CLANG_WARN_OBJC_LITERAL_CONVERSION = YES;
				CLANG_WARN_OBJC_ROOT_CLASS = YES_ERROR;
				CLANG_WARN_QUOTED_INCLUDE_IN_FRAMEWORK_HEADER = YES;
				CLANG_WARN_RANGE_LOOP_ANALYSIS = YES;
				CLANG_WARN_STRICT_PROTOTYPES = YES;
				CLANG_WARN_SUSPICIOUS_MOVE = YES;
				CLANG_WARN_UNGUARDED_AVAILABILITY = YES_AGGRESSIVE;
				CLANG_WARN_UNREACHABLE_CODE = YES;
				CLANG_WARN__DUPLICATE_METHOD_MATCH = YES;
				COPY_PHASE_STRIP = NO;
				DEBUG_INFORMATION_FORMAT = dwarf;
				ENABLE_STRICT_OBJC_MSGSEND = YES;
				ENABLE_TESTABILITY = YES;
				GCC_C_LANGUAGE_STANDARD = gnu11;
				GCC_DYNAMIC_NO_PIC = NO;
				GCC_NO_COMMON_BLOCKS = YES;
				GCC_OPTIMIZATION_LEVEL = 0;
				GCC_PREPROCESSOR_DEFINITIONS = (
					"DEBUG=1",
					"$(inherited)",
				);
				GCC_WARN_64_TO_32_BIT_CONVERSION = YES;
				GCC_WARN_ABOUT_RETURN_TYPE = YES_ERROR;
				GCC_WARN_UNDECLARED_SELECTOR = YES;
				GCC_WARN_UNINITIALIZED_AUTOS = YES_AGGRESSIVE;
				GCC_WARN_UNUSED_FUNCTION = YES;
				GCC_WARN_UNUSED_VARIABLE = YES;
				IPHONEOS_DEPLOYMENT_TARGET = 15.2;
				MTL_ENABLE_DEBUG_INFO = INCLUDE_SOURCE;
				MTL_FAST_MATH = YES;
				ONLY_ACTIVE_ARCH = YES;
				SDKROOT = iphoneos;
				SWIFT_ACTIVE_COMPILATION_CONDITIONS = DEBUG;
				SWIFT_OPTIMIZATION_LEVEL = "-Onone";
			};
			name = Debug;
		};
		8F920B57280857EB00C13FA5 /* Release */ = {
			isa = XCBuildConfiguration;
			buildSettings = {
				ALWAYS_SEARCH_USER_PATHS = NO;
				CLANG_ANALYZER_NONNULL = YES;
				CLANG_ANALYZER_NUMBER_OBJECT_CONVERSION = YES_AGGRESSIVE;
				CLANG_CXX_LANGUAGE_STANDARD = "gnu++17";
				CLANG_CXX_LIBRARY = "libc++";
				CLANG_ENABLE_MODULES = YES;
				CLANG_ENABLE_OBJC_ARC = YES;
				CLANG_ENABLE_OBJC_WEAK = YES;
				CLANG_WARN_BLOCK_CAPTURE_AUTORELEASING = YES;
				CLANG_WARN_BOOL_CONVERSION = YES;
				CLANG_WARN_COMMA = YES;
				CLANG_WARN_CONSTANT_CONVERSION = YES;
				CLANG_WARN_DEPRECATED_OBJC_IMPLEMENTATIONS = YES;
				CLANG_WARN_DIRECT_OBJC_ISA_USAGE = YES_ERROR;
				CLANG_WARN_DOCUMENTATION_COMMENTS = YES;
				CLANG_WARN_EMPTY_BODY = YES;
				CLANG_WARN_ENUM_CONVERSION = YES;
				CLANG_WARN_INFINITE_RECURSION = YES;
				CLANG_WARN_INT_CONVERSION = YES;
				CLANG_WARN_NON_LITERAL_NULL_CONVERSION = YES;
				CLANG_WARN_OBJC_IMPLICIT_RETAIN_SELF = YES;
				CLANG_WARN_OBJC_LITERAL_CONVERSION = YES;
				CLANG_WARN_OBJC_ROOT_CLASS = YES_ERROR;
				CLANG_WARN_QUOTED_INCLUDE_IN_FRAMEWORK_HEADER = YES;
				CLANG_WARN_RANGE_LOOP_ANALYSIS = YES;
				CLANG_WARN_STRICT_PROTOTYPES = YES;
				CLANG_WARN_SUSPICIOUS_MOVE = YES;
				CLANG_WARN_UNGUARDED_AVAILABILITY = YES_AGGRESSIVE;
				CLANG_WARN_UNREACHABLE_CODE = YES;
				CLANG_WARN__DUPLICATE_METHOD_MATCH = YES;
				COPY_PHASE_STRIP = NO;
				DEBUG_INFORMATION_FORMAT = "dwarf-with-dsym";
				ENABLE_NS_ASSERTIONS = NO;
				ENABLE_STRICT_OBJC_MSGSEND = YES;
				GCC_C_LANGUAGE_STANDARD = gnu11;
				GCC_NO_COMMON_BLOCKS = YES;
				GCC_WARN_64_TO_32_BIT_CONVERSION = YES;
				GCC_WARN_ABOUT_RETURN_TYPE = YES_ERROR;
				GCC_WARN_UNDECLARED_SELECTOR = YES;
				GCC_WARN_UNINITIALIZED_AUTOS = YES_AGGRESSIVE;
				GCC_WARN_UNUSED_FUNCTION = YES;
				GCC_WARN_UNUSED_VARIABLE = YES;
				IPHONEOS_DEPLOYMENT_TARGET = 15.2;
				MTL_ENABLE_DEBUG_INFO = NO;
				MTL_FAST_MATH = YES;
				SDKROOT = iphoneos;
				SWIFT_COMPILATION_MODE = wholemodule;
				SWIFT_OPTIMIZATION_LEVEL = "-O";
				VALIDATE_PRODUCT = YES;
			};
			name = Release;
		};
		8F920B59280857EB00C13FA5 /* Debug */ = {
			isa = XCBuildConfiguration;
			baseConfigurationReference = 56A878D1ECEB3E946FE1AC4E /* Pods-CurrencyExchanger.debug.xcconfig */;
			buildSettings = {
				ASSETCATALOG_COMPILER_APPICON_NAME = AppIcon;
				ASSETCATALOG_COMPILER_GLOBAL_ACCENT_COLOR_NAME = AccentColor;
				CODE_SIGN_STYLE = Automatic;
				CURRENT_PROJECT_VERSION = 1;
				DEVELOPMENT_TEAM = Y57FY52VL4;
				GENERATE_INFOPLIST_FILE = YES;
				INFOPLIST_FILE = CurrencyExchanger/Resources/Info.plist;
				INFOPLIST_KEY_UIApplicationSupportsIndirectInputEvents = YES;
				INFOPLIST_KEY_UILaunchStoryboardName = LaunchScreen;
				INFOPLIST_KEY_UIMainStoryboardFile = Main;
				INFOPLIST_KEY_UISupportedInterfaceOrientations_iPad = "UIInterfaceOrientationPortrait UIInterfaceOrientationPortraitUpsideDown UIInterfaceOrientationLandscapeLeft UIInterfaceOrientationLandscapeRight";
				INFOPLIST_KEY_UISupportedInterfaceOrientations_iPhone = "UIInterfaceOrientationPortrait UIInterfaceOrientationLandscapeLeft UIInterfaceOrientationLandscapeRight";
				LD_RUNPATH_SEARCH_PATHS = (
					"$(inherited)",
					"@executable_path/Frameworks",
				);
				MARKETING_VERSION = 1.0;
				PRODUCT_BUNDLE_IDENTIFIER = com.khosravinia.CurrencyExchanger;
				PRODUCT_NAME = "$(TARGET_NAME)";
				SWIFT_EMIT_LOC_STRINGS = YES;
				SWIFT_VERSION = 5.0;
				TARGETED_DEVICE_FAMILY = "1,2";
			};
			name = Debug;
		};
		8F920B5A280857EB00C13FA5 /* Release */ = {
			isa = XCBuildConfiguration;
			baseConfigurationReference = 5124F17B071BBF23F64A1563 /* Pods-CurrencyExchanger.release.xcconfig */;
			buildSettings = {
				ASSETCATALOG_COMPILER_APPICON_NAME = AppIcon;
				ASSETCATALOG_COMPILER_GLOBAL_ACCENT_COLOR_NAME = AccentColor;
				CODE_SIGN_STYLE = Automatic;
				CURRENT_PROJECT_VERSION = 1;
				DEVELOPMENT_TEAM = Y57FY52VL4;
				GENERATE_INFOPLIST_FILE = YES;
				INFOPLIST_FILE = CurrencyExchanger/Resources/Info.plist;
				INFOPLIST_KEY_UIApplicationSupportsIndirectInputEvents = YES;
				INFOPLIST_KEY_UILaunchStoryboardName = LaunchScreen;
				INFOPLIST_KEY_UIMainStoryboardFile = Main;
				INFOPLIST_KEY_UISupportedInterfaceOrientations_iPad = "UIInterfaceOrientationPortrait UIInterfaceOrientationPortraitUpsideDown UIInterfaceOrientationLandscapeLeft UIInterfaceOrientationLandscapeRight";
				INFOPLIST_KEY_UISupportedInterfaceOrientations_iPhone = "UIInterfaceOrientationPortrait UIInterfaceOrientationLandscapeLeft UIInterfaceOrientationLandscapeRight";
				LD_RUNPATH_SEARCH_PATHS = (
					"$(inherited)",
					"@executable_path/Frameworks",
				);
				MARKETING_VERSION = 1.0;
				PRODUCT_BUNDLE_IDENTIFIER = com.khosravinia.CurrencyExchanger;
				PRODUCT_NAME = "$(TARGET_NAME)";
				SWIFT_EMIT_LOC_STRINGS = YES;
				SWIFT_VERSION = 5.0;
				TARGETED_DEVICE_FAMILY = "1,2";
			};
			name = Release;
		};
		8F920B5C280857EB00C13FA5 /* Debug */ = {
			isa = XCBuildConfiguration;
			baseConfigurationReference = 01CEBE87456D0EE583327AD2 /* Pods-CurrencyExchangerTests.debug.xcconfig */;
			buildSettings = {
				ALWAYS_EMBED_SWIFT_STANDARD_LIBRARIES = YES;
				BUNDLE_LOADER = "$(TEST_HOST)";
				CLANG_ENABLE_MODULES = YES;
				CODE_SIGN_STYLE = Automatic;
				CURRENT_PROJECT_VERSION = 1;
				DEVELOPMENT_TEAM = Y57FY52VL4;
				GENERATE_INFOPLIST_FILE = YES;
				IPHONEOS_DEPLOYMENT_TARGET = 15.2;
				LD_RUNPATH_SEARCH_PATHS = (
					"$(inherited)",
					"@executable_path/Frameworks",
					"@loader_path/Frameworks",
				);
				MARKETING_VERSION = 1.0;
				PRODUCT_BUNDLE_IDENTIFIER = com.khosravinia.CurrencyExchangerTests;
				PRODUCT_NAME = "$(TARGET_NAME)";
				SWIFT_EMIT_LOC_STRINGS = NO;
				SWIFT_OPTIMIZATION_LEVEL = "-Onone";
				SWIFT_VERSION = 5.0;
				TARGETED_DEVICE_FAMILY = "1,2";
				TEST_HOST = "$(BUILT_PRODUCTS_DIR)/CurrencyExchanger.app/CurrencyExchanger";
			};
			name = Debug;
		};
		8F920B5D280857EB00C13FA5 /* Release */ = {
			isa = XCBuildConfiguration;
			baseConfigurationReference = 6A19EAAB88048DDAE2D911FB /* Pods-CurrencyExchangerTests.release.xcconfig */;
			buildSettings = {
				ALWAYS_EMBED_SWIFT_STANDARD_LIBRARIES = YES;
				BUNDLE_LOADER = "$(TEST_HOST)";
				CLANG_ENABLE_MODULES = YES;
				CODE_SIGN_STYLE = Automatic;
				CURRENT_PROJECT_VERSION = 1;
				DEVELOPMENT_TEAM = Y57FY52VL4;
				GENERATE_INFOPLIST_FILE = YES;
				IPHONEOS_DEPLOYMENT_TARGET = 15.2;
				LD_RUNPATH_SEARCH_PATHS = (
					"$(inherited)",
					"@executable_path/Frameworks",
					"@loader_path/Frameworks",
				);
				MARKETING_VERSION = 1.0;
				PRODUCT_BUNDLE_IDENTIFIER = com.khosravinia.CurrencyExchangerTests;
				PRODUCT_NAME = "$(TARGET_NAME)";
				SWIFT_EMIT_LOC_STRINGS = NO;
				SWIFT_VERSION = 5.0;
				TARGETED_DEVICE_FAMILY = "1,2";
				TEST_HOST = "$(BUILT_PRODUCTS_DIR)/CurrencyExchanger.app/CurrencyExchanger";
			};
			name = Release;
		};
		8F920B5F280857EB00C13FA5 /* Debug */ = {
			isa = XCBuildConfiguration;
			baseConfigurationReference = 83CB240013481CA5FE1993F9 /* Pods-CurrencyExchanger-CurrencyExchangerUITests.debug.xcconfig */;
			buildSettings = {
				ALWAYS_EMBED_SWIFT_STANDARD_LIBRARIES = YES;
				CODE_SIGN_STYLE = Automatic;
				CURRENT_PROJECT_VERSION = 1;
				DEVELOPMENT_TEAM = Y57FY52VL4;
				GENERATE_INFOPLIST_FILE = YES;
				MARKETING_VERSION = 1.0;
				PRODUCT_BUNDLE_IDENTIFIER = com.khosravinia.CurrencyExchangerUITests;
				PRODUCT_NAME = "$(TARGET_NAME)";
				SWIFT_EMIT_LOC_STRINGS = NO;
				SWIFT_VERSION = 5.0;
				TARGETED_DEVICE_FAMILY = "1,2";
				TEST_TARGET_NAME = CurrencyExchanger;
			};
			name = Debug;
		};
		8F920B60280857EB00C13FA5 /* Release */ = {
			isa = XCBuildConfiguration;
			baseConfigurationReference = 39FD78BA6DD949B12047B8CE /* Pods-CurrencyExchanger-CurrencyExchangerUITests.release.xcconfig */;
			buildSettings = {
				ALWAYS_EMBED_SWIFT_STANDARD_LIBRARIES = YES;
				CODE_SIGN_STYLE = Automatic;
				CURRENT_PROJECT_VERSION = 1;
				DEVELOPMENT_TEAM = Y57FY52VL4;
				GENERATE_INFOPLIST_FILE = YES;
				MARKETING_VERSION = 1.0;
				PRODUCT_BUNDLE_IDENTIFIER = com.khosravinia.CurrencyExchangerUITests;
				PRODUCT_NAME = "$(TARGET_NAME)";
				SWIFT_EMIT_LOC_STRINGS = NO;
				SWIFT_VERSION = 5.0;
				TARGETED_DEVICE_FAMILY = "1,2";
				TEST_TARGET_NAME = CurrencyExchanger;
			};
			name = Release;
		};
/* End XCBuildConfiguration section */

/* Begin XCConfigurationList section */
		8F920B29280857E800C13FA5 /* Build configuration list for PBXProject "CurrencyExchanger" */ = {
			isa = XCConfigurationList;
			buildConfigurations = (
				8F920B56280857EB00C13FA5 /* Debug */,
				8F920B57280857EB00C13FA5 /* Release */,
			);
			defaultConfigurationIsVisible = 0;
			defaultConfigurationName = Release;
		};
		8F920B58280857EB00C13FA5 /* Build configuration list for PBXNativeTarget "CurrencyExchanger" */ = {
			isa = XCConfigurationList;
			buildConfigurations = (
				8F920B59280857EB00C13FA5 /* Debug */,
				8F920B5A280857EB00C13FA5 /* Release */,
			);
			defaultConfigurationIsVisible = 0;
			defaultConfigurationName = Release;
		};
		8F920B5B280857EB00C13FA5 /* Build configuration list for PBXNativeTarget "CurrencyExchangerTests" */ = {
			isa = XCConfigurationList;
			buildConfigurations = (
				8F920B5C280857EB00C13FA5 /* Debug */,
				8F920B5D280857EB00C13FA5 /* Release */,
			);
			defaultConfigurationIsVisible = 0;
			defaultConfigurationName = Release;
		};
		8F920B5E280857EB00C13FA5 /* Build configuration list for PBXNativeTarget "CurrencyExchangerUITests" */ = {
			isa = XCConfigurationList;
			buildConfigurations = (
				8F920B5F280857EB00C13FA5 /* Debug */,
				8F920B60280857EB00C13FA5 /* Release */,
			);
			defaultConfigurationIsVisible = 0;
			defaultConfigurationName = Release;
		};
/* End XCConfigurationList section */
	};
	rootObject = 8F920B26280857E800C13FA5 /* Project object */;
}
